
Microsoft Visual Studio Solution File, Format Version 12.00
# Visual Studio Version 17
VisualStudioVersion = 17.14.36511.14
MinimumVisualStudioVersion = 10.0.40219.1
Project("{8BC9CEB8-8B4A-11D0-8D11-00A0C91BC942}") = "KotorPatcher", "src\KotorPatcher\KotorPatcher.vcxproj", "{3F929284-908B-43CC-A128-642644F6AB61}"
EndProject
Project("{FAE04EC0-301F-11D3-BF4B-00C04F79EFBC}") = "KPatchCore", "src\KPatchCore\KPatchCore.csproj", "{50916F36-3B9F-4D5F-9312-28DEDA210CDA}"
EndProject
Project("{FAE04EC0-301F-11D3-BF4B-00C04F79EFBC}") = "KPatchLauncher", "src\KPatchLauncher\KPatchLauncher.csproj", "{A1B2C3D4-E5F6-7890-ABCD-EF1234567890}"
EndProject
Project("{2150E333-8FDC-42A3-9474-1A3956D46DE8}") = "Tools", "Tools", "{D1E2F3A4-B5C6-7D8E-9F0A-1B2C3D4E5F6A}"
	ProjectSection(SolutionItems) = preProject
		tools\Sync-SolutionFolders.bat = tools\Sync-SolutionFolders.bat
		tools\Sync-SolutionFolders.ps1 = tools\Sync-SolutionFolders.ps1
	EndProjectSection
EndProject
Project("{FAE04EC0-301F-11D3-BF4B-00C04F79EFBC}") = "SqliteTools", "tools\SqliteTools\SqliteTools.csproj", "{C5D6E7F8-A9B0-1C2D-3E4F-5A6B7C8D9E0F}"
EndProject
Project("{2150E333-8FDC-42A3-9474-1A3956D46DE8}") = "Patches", "Patches", "{B30A8E1D-F3A8-414F-AF9B-60C8CC3046C3}"
	ProjectSection(SolutionItems) = preProject
		Patches\create-patch.bat = Patches\create-patch.bat
	
		Patches\create-patch.py = Patches\create-patch.py
	EndProjectSection
EndProject
Project("{2150E333-8FDC-42A3-9474-1A3956D46DE8}") = "Common", "Common", "{E2EC2BBE-C9B1-45ED-9045-9B9684B93CA7}"
	ProjectSection(SolutionItems) = preProject
		Patches\Common\Common.cpp = Patches\Common\Common.cpp
		Patches\Common\Common.h = Patches\Common\Common.h
		Patches\Common\VirtualFunctionCall.h = Patches\Common\VirtualFunctionCall.h
	
		Patches\Common\VTableOverride.h = Patches\Common\VTableOverride.h
	
		Patches\Common\Platform.h = Patches\Common\Platform.h
	EndProjectSection
EndProject
Project("{2150E333-8FDC-42A3-9474-1A3956D46DE8}") = "AdditionalConsoleCommands", "AdditionalConsoleCommands", "{F96014DA-1F4F-4367-810D-860A753FD9F9}"
	ProjectSection(SolutionItems) = preProject
		Patches\AdditionalConsoleCommands\ConsoleCommands.cpp = Patches\AdditionalConsoleCommands\ConsoleCommands.cpp
		Patches\AdditionalConsoleCommands\ConsoleFunc.h = Patches\AdditionalConsoleCommands\ConsoleFunc.h
		Patches\AdditionalConsoleCommands\exports.def = Patches\AdditionalConsoleCommands\exports.def
		Patches\AdditionalConsoleCommands\kotor1.hooks.toml = Patches\AdditionalConsoleCommands\kotor1.hooks.toml
		Patches\AdditionalConsoleCommands\manifest.toml = Patches\AdditionalConsoleCommands\manifest.toml
		Patches\AdditionalConsoleCommands\README.md = Patches\AdditionalConsoleCommands\README.md
	
		Patches\AdditionalConsoleCommands\kotor2-gog-aspyr.hooks.toml = Patches\AdditionalConsoleCommands\kotor2-gog-aspyr.hooks.toml
	EndProjectSection
EndProject
Project("{2150E333-8FDC-42A3-9474-1A3956D46DE8}") = "EnableScriptAurPostString", "EnableScriptAurPostString", "{C051DF2F-D94E-40A5-B004-04308B8991C8}"
	ProjectSection(SolutionItems) = preProject
		Patches\EnableScriptAurPostString\aurpoststring_patch.cpp = Patches\EnableScriptAurPostString\aurpoststring_patch.cpp
		Patches\EnableScriptAurPostString\hooks.toml = Patches\EnableScriptAurPostString\hooks.toml
		Patches\EnableScriptAurPostString\manifest.toml = Patches\EnableScriptAurPostString\manifest.toml
	
		Patches\EnableScriptAurPostString\exports.def = Patches\EnableScriptAurPostString\exports.def
	EndProjectSection
EndProject
Project("{2150E333-8FDC-42A3-9474-1A3956D46DE8}") = "MorePlaceablesIn2DA", "MorePlaceablesIn2DA", "{44FCCA62-7F28-4C88-B537-D283B74CC91F}"
	ProjectSection(SolutionItems) = preProject
		Patches\MorePlaceablesIn2DA\hooks.toml = Patches\MorePlaceablesIn2DA\hooks.toml
		Patches\MorePlaceablesIn2DA\manifest.toml = Patches\MorePlaceablesIn2DA\manifest.toml
	EndProjectSection
EndProject
Project("{2150E333-8FDC-42A3-9474-1A3956D46DE8}") = "ScriptExtender", "ScriptExtender", "{7AC5E75B-E77E-4E4C-8DE0-AB4C70CE80C4}"
	ProjectSection(SolutionItems) = preProject
		Patches\ScriptExtender\creatureStats.cpp = Patches\ScriptExtender\creatureStats.cpp
		Patches\ScriptExtender\creatureStats.h = Patches\ScriptExtender\creatureStats.h
		Patches\ScriptExtender\exports.def = Patches\ScriptExtender\exports.def
		Patches\ScriptExtender\fileIO.cpp = Patches\ScriptExtender\fileIO.cpp
		Patches\ScriptExtender\fileIO.h = Patches\ScriptExtender\fileIO.h
		Patches\ScriptExtender\hooks.toml = Patches\ScriptExtender\hooks.toml
		Patches\ScriptExtender\manifest.toml = Patches\ScriptExtender\manifest.toml
		Patches\ScriptExtender\ScriptExtender.cpp = Patches\ScriptExtender\ScriptExtender.cpp
	
		Patches\ScriptExtender\clientCreatures.cpp = Patches\ScriptExtender\clientCreatures.cpp
		Patches\ScriptExtender\clientCreatures.h = Patches\ScriptExtender\clientCreatures.h
		Patches\ScriptExtender\globalModifiers.cpp = Patches\ScriptExtender\globalModifiers.cpp
		Patches\ScriptExtender\globalModifiers.h = Patches\ScriptExtender\globalModifiers.h
		Patches\ScriptExtender\twoDA.cpp = Patches\ScriptExtender\twoDA.cpp
		Patches\ScriptExtender\twoDA.h = Patches\ScriptExtender\twoDA.h
	EndProjectSection
EndProject
Project("{2150E333-8FDC-42A3-9474-1A3956D46DE8}") = "SemiTransparentLetterbox", "SemiTransparentLetterbox", "{23452DB2-30D6-463C-BC0D-0074EBB12133}"
	ProjectSection(SolutionItems) = preProject
		Patches\SemiTransparentLetterbox\manifest.toml = Patches\SemiTransparentLetterbox\manifest.toml
	
		Patches\SemiTransparentLetterbox\kotor1.hooks.toml = Patches\SemiTransparentLetterbox\kotor1.hooks.toml
		Patches\SemiTransparentLetterbox\kotor2-gog-aspyr.hooks.toml = Patches\SemiTransparentLetterbox\kotor2-gog-aspyr.hooks.toml
		Patches\SemiTransparentLetterbox\kotor2-steam-aspyr.hooks.toml = Patches\SemiTransparentLetterbox\kotor2-steam-aspyr.hooks.toml
	EndProjectSection
EndProject
Project("{2150E333-8FDC-42A3-9474-1A3956D46DE8}") = "Solution Items", "Solution Items", "{A8D99C40-6784-42FF-A902-E6F20AE0E981}"
	ProjectSection(SolutionItems) = preProject
		.gitattributes = .gitattributes
		.gitignore = .gitignore
		publish.bat = publish.bat
		README.md = README.md
	
		build-mingw.sh = build-mingw.sh
		publish.sh = publish.sh
	
		publish-patches.ps1 = publish-patches.ps1
	EndProjectSection
EndProject
Project("{2150E333-8FDC-42A3-9474-1A3956D46DE8}") = "AddressDatabases", "AddressDatabases", "{9149723B-2F97-4142-90A2-03AB43A3D68D}"
	ProjectSection(SolutionItems) = preProject
		AddressDatabases\kotor1_0_3.db = AddressDatabases\kotor1_0_3.db
		AddressDatabases\kotor2_gog_aspyr.db = AddressDatabases\kotor2_gog_aspyr.db
	
		AddressDatabases\kotor2_steam_aspyr.db = AddressDatabases\kotor2_steam_aspyr.db
	EndProjectSection
EndProject
Project("{2150E333-8FDC-42A3-9474-1A3956D46DE8}") = "docs", "docs", "{352B7770-11E6-45D8-8FDC-F2D14EC8331F}"
	ProjectSection(SolutionItems) = preProject
		docs\2da_row_limits.md = docs\2da_row_limits.md
		docs\AddressDatabaseSystem.md = docs\AddressDatabaseSystem.md
		docs\MULTI_VERSION_ARCHITECTURE.md = docs\MULTI_VERSION_ARCHITECTURE.md
		docs\PATCH_OPTIONS_DESIGN.md = docs\PATCH_OPTIONS_DESIGN.md
		docs\RELEASE_GUIDE.md = docs\RELEASE_GUIDE.md
		docs\Roadmap2026.md = docs\Roadmap2026.md
	
		docs\CExoArrayList_WrapperAware.md = docs\CExoArrayList_WrapperAware.md
	EndProjectSection
EndProject
Project("{2150E333-8FDC-42A3-9474-1A3956D46DE8}") = "lib", "lib", "{715F5B99-9F0E-4E53-8068-75AED0AD420F}"
	ProjectSection(SolutionItems) = preProject
		lib\sqlite3.def = lib\sqlite3.def
		lib\sqlite3.dll = lib\sqlite3.dll
		lib\sqlite3.exp = lib\sqlite3.exp
		lib\sqlite3.h = lib\sqlite3.h
		lib\sqlite3.lib = lib\sqlite3.lib
	EndProjectSection
EndProject
Project("{2150E333-8FDC-42A3-9474-1A3956D46DE8}") = "4GBPatch", "4GBPatch", "{9885C0AB-DB6D-48B5-828E-B4B3DDA8125E}"
	ProjectSection(SolutionItems) = preProject
		Patches\4GBPatch\manifest.toml = Patches\4GBPatch\manifest.toml
	
		Patches\4GBPatch\kotor1.hooks.toml = Patches\4GBPatch\kotor1.hooks.toml
		Patches\4GBPatch\kotor2-gog-aspyr.hooks.toml = Patches\4GBPatch\kotor2-gog-aspyr.hooks.toml
		Patches\4GBPatch\kotor2-steam-aspyr.hooks.toml = Patches\4GBPatch\kotor2-steam-aspyr.hooks.toml
	EndProjectSection
EndProject
Project("{2150E333-8FDC-42A3-9474-1A3956D46DE8}") = "AppearanceBodyVariations", "AppearanceBodyVariations", "{491E65BA-AB9B-4A2B-B3EC-CD0B266397EB}"
	ProjectSection(SolutionItems) = preProject
		Patches\AppearanceBodyVariations\hooks.toml = Patches\AppearanceBodyVariations\hooks.toml
		Patches\AppearanceBodyVariations\manifest.toml = Patches\AppearanceBodyVariations\manifest.toml
	EndProjectSection
EndProject
Project("{2150E333-8FDC-42A3-9474-1A3956D46DE8}") = "GameAPI", "GameAPI", "{D9D851BD-6DB4-4101-B178-06AB11D6E051}"
	ProjectSection(SolutionItems) = preProject
		Patches\Common\GameAPI\C2DA.cpp = Patches\Common\GameAPI\C2DA.cpp
		Patches\Common\GameAPI\C2DA.h = Patches\Common\GameAPI\C2DA.h
		Patches\Common\GameAPI\CAppManager.cpp = Patches\Common\GameAPI\CAppManager.cpp
		Patches\Common\GameAPI\CAppManager.h = Patches\Common\GameAPI\CAppManager.h
		Patches\Common\GameAPI\CClientExoApp.cpp = Patches\Common\GameAPI\CClientExoApp.cpp
		Patches\Common\GameAPI\CClientExoApp.h = Patches\Common\GameAPI\CClientExoApp.h
		Patches\Common\GameAPI\CClientOptions.cpp = Patches\Common\GameAPI\CClientOptions.cpp
		Patches\Common\GameAPI\CClientOptions.h = Patches\Common\GameAPI\CClientOptions.h
		Patches\Common\GameAPI\CExoArrayList.cpp = Patches\Common\GameAPI\CExoArrayList.cpp
		Patches\Common\GameAPI\CExoArrayList.h = Patches\Common\GameAPI\CExoArrayList.h
		Patches\Common\GameAPI\CExoLinkedList.cpp = Patches\Common\GameAPI\CExoLinkedList.cpp
		Patches\Common\GameAPI\CExoLinkedList.h = Patches\Common\GameAPI\CExoLinkedList.h
		Patches\Common\GameAPI\CExoString.cpp = Patches\Common\GameAPI\CExoString.cpp
		Patches\Common\GameAPI\CExoString.h = Patches\Common\GameAPI\CExoString.h
		Patches\Common\GameAPI\CGameObject.cpp = Patches\Common\GameAPI\CGameObject.cpp
		Patches\Common\GameAPI\CGameObject.h = Patches\Common\GameAPI\CGameObject.h
		Patches\Common\GameAPI\CGameObjectArray.cpp = Patches\Common\GameAPI\CGameObjectArray.cpp
		Patches\Common\GameAPI\CGameObjectArray.h = Patches\Common\GameAPI\CGameObjectArray.h
		Patches\Common\GameAPI\CRes.cpp = Patches\Common\GameAPI\CRes.cpp
		Patches\Common\GameAPI\CRes.h = Patches\Common\GameAPI\CRes.h
		Patches\Common\GameAPI\CResGFF.cpp = Patches\Common\GameAPI\CResGFF.cpp
		Patches\Common\GameAPI\CResGFF.h = Patches\Common\GameAPI\CResGFF.h
		Patches\Common\GameAPI\CResRef.cpp = Patches\Common\GameAPI\CResRef.cpp
		Patches\Common\GameAPI\CResRef.h = Patches\Common\GameAPI\CResRef.h
		Patches\Common\GameAPI\CServerExoApp.cpp = Patches\Common\GameAPI\CServerExoApp.cpp
		Patches\Common\GameAPI\CServerExoApp.h = Patches\Common\GameAPI\CServerExoApp.h
		Patches\Common\GameAPI\CSWCCreature.cpp = Patches\Common\GameAPI\CSWCCreature.cpp
		Patches\Common\GameAPI\CSWCCreature.h = Patches\Common\GameAPI\CSWCCreature.h
		Patches\Common\GameAPI\CSWGuiObject.cpp = Patches\Common\GameAPI\CSWGuiObject.cpp
		Patches\Common\GameAPI\CSWGuiObject.h = Patches\Common\GameAPI\CSWGuiObject.h
		Patches\Common\GameAPI\CSWInventory.cpp = Patches\Common\GameAPI\CSWInventory.cpp
		Patches\Common\GameAPI\CSWInventory.h = Patches\Common\GameAPI\CSWInventory.h
		Patches\Common\GameAPI\CSWItem.cpp = Patches\Common\GameAPI\CSWItem.cpp
		Patches\Common\GameAPI\CSWItem.h = Patches\Common\GameAPI\CSWItem.h
		Patches\Common\GameAPI\CSWSCreature.cpp = Patches\Common\GameAPI\CSWSCreature.cpp
		Patches\Common\GameAPI\CSWSCreature.h = Patches\Common\GameAPI\CSWSCreature.h
		Patches\Common\GameAPI\CSWSCreatureStats.cpp = Patches\Common\GameAPI\CSWSCreatureStats.cpp
		Patches\Common\GameAPI\CSWSCreatureStats.h = Patches\Common\GameAPI\CSWSCreatureStats.h
		Patches\Common\GameAPI\CSWSObject.cpp = Patches\Common\GameAPI\CSWSObject.cpp
		Patches\Common\GameAPI\CSWSObject.h = Patches\Common\GameAPI\CSWSObject.h
		Patches\Common\GameAPI\CVirtualMachine.cpp = Patches\Common\GameAPI\CVirtualMachine.cpp
		Patches\Common\GameAPI\CVirtualMachine.h = Patches\Common\GameAPI\CVirtualMachine.h
		Patches\Common\GameAPI\GameAPIObject.cpp = Patches\Common\GameAPI\GameAPIObject.cpp
		Patches\Common\GameAPI\GameAPIObject.h = Patches\Common\GameAPI\GameAPIObject.h
		Patches\Common\GameAPI\GameVersion.cpp = Patches\Common\GameAPI\GameVersion.cpp
		Patches\Common\GameAPI\GameVersion.h = Patches\Common\GameAPI\GameVersion.h
	
		Patches\Common\GameAPI\CSWGui3DSceneView.cpp = Patches\Common\GameAPI\CSWGui3DSceneView.cpp
		Patches\Common\GameAPI\CSWGui3DSceneView.h = Patches\Common\GameAPI\CSWGui3DSceneView.h
		Patches\Common\GameAPI\CSWGuiBorder.cpp = Patches\Common\GameAPI\CSWGuiBorder.cpp
		Patches\Common\GameAPI\CSWGuiBorder.h = Patches\Common\GameAPI\CSWGuiBorder.h
		Patches\Common\GameAPI\CSWGuiBorderParams.cpp = Patches\Common\GameAPI\CSWGuiBorderParams.cpp
		Patches\Common\GameAPI\CSWGuiBorderParams.h = Patches\Common\GameAPI\CSWGuiBorderParams.h
		Patches\Common\GameAPI\CSWGuiButton.cpp = Patches\Common\GameAPI\CSWGuiButton.cpp
		Patches\Common\GameAPI\CSWGuiButton.h = Patches\Common\GameAPI\CSWGuiButton.h
		Patches\Common\GameAPI\CSWGuiButtonToggle.cpp = Patches\Common\GameAPI\CSWGuiButtonToggle.cpp
		Patches\Common\GameAPI\CSWGuiButtonToggle.h = Patches\Common\GameAPI\CSWGuiButtonToggle.h
		Patches\Common\GameAPI\CSWGuiControl.cpp = Patches\Common\GameAPI\CSWGuiControl.cpp
		Patches\Common\GameAPI\CSWGuiControl.h = Patches\Common\GameAPI\CSWGuiControl.h
		Patches\Common\GameAPI\CSWGuiEditBox.cpp = Patches\Common\GameAPI\CSWGuiEditBox.cpp
		Patches\Common\GameAPI\CSWGuiEditBox.h = Patches\Common\GameAPI\CSWGuiEditBox.h
		Patches\Common\GameAPI\CSWGuiExtent.h = Patches\Common\GameAPI\CSWGuiExtent.h
		Patches\Common\GameAPI\CSWGuiImage.cpp = Patches\Common\GameAPI\CSWGuiImage.cpp
		Patches\Common\GameAPI\CSWGuiImage.h = Patches\Common\GameAPI\CSWGuiImage.h
		Patches\Common\GameAPI\CSWGuiImageParams.cpp = Patches\Common\GameAPI\CSWGuiImageParams.cpp
		Patches\Common\GameAPI\CSWGuiImageParams.h = Patches\Common\GameAPI\CSWGuiImageParams.h
		Patches\Common\GameAPI\CSWGuiLabel.cpp = Patches\Common\GameAPI\CSWGuiLabel.cpp
		Patches\Common\GameAPI\CSWGuiLabel.h = Patches\Common\GameAPI\CSWGuiLabel.h
		Patches\Common\GameAPI\CSWGuiListBox.cpp = Patches\Common\GameAPI\CSWGuiListBox.cpp
		Patches\Common\GameAPI\CSWGuiListBox.h = Patches\Common\GameAPI\CSWGuiListBox.h
		Patches\Common\GameAPI\CSWGuiManager.cpp = Patches\Common\GameAPI\CSWGuiManager.cpp
		Patches\Common\GameAPI\CSWGuiManager.h = Patches\Common\GameAPI\CSWGuiManager.h
		Patches\Common\GameAPI\CSWGuiNavigable.cpp = Patches\Common\GameAPI\CSWGuiNavigable.cpp
		Patches\Common\GameAPI\CSWGuiNavigable.h = Patches\Common\GameAPI\CSWGuiNavigable.h
		Patches\Common\GameAPI\CSWGuiPanel.cpp = Patches\Common\GameAPI\CSWGuiPanel.cpp
		Patches\Common\GameAPI\CSWGuiPanel.h = Patches\Common\GameAPI\CSWGuiPanel.h
		Patches\Common\GameAPI\CSWGuiProgressBar.cpp = Patches\Common\GameAPI\CSWGuiProgressBar.cpp
		Patches\Common\GameAPI\CSWGuiProgressBar.h = Patches\Common\GameAPI\CSWGuiProgressBar.h
		Patches\Common\GameAPI\CSWGuiScrollBar.cpp = Patches\Common\GameAPI\CSWGuiScrollBar.cpp
		Patches\Common\GameAPI\CSWGuiScrollBar.h = Patches\Common\GameAPI\CSWGuiScrollBar.h
		Patches\Common\GameAPI\CSWGuiSlider.cpp = Patches\Common\GameAPI\CSWGuiSlider.cpp
		Patches\Common\GameAPI\CSWGuiSlider.h = Patches\Common\GameAPI\CSWGuiSlider.h
		Patches\Common\GameAPI\CSWGuiText.cpp = Patches\Common\GameAPI\CSWGuiText.cpp
		Patches\Common\GameAPI\CSWGuiText.h = Patches\Common\GameAPI\CSWGuiText.h
		Patches\Common\GameAPI\CSWGuiTextParams.cpp = Patches\Common\GameAPI\CSWGuiTextParams.cpp
		Patches\Common\GameAPI\CSWGuiTextParams.h = Patches\Common\GameAPI\CSWGuiTextParams.h
	
		Patches\Common\GameAPI\CGuiInGame.cpp = Patches\Common\GameAPI\CGuiInGame.cpp
		Patches\Common\GameAPI\CGuiInGame.h = Patches\Common\GameAPI\CGuiInGame.h
	
		Patches\Common\GameAPI\Camera.cpp = Patches\Common\GameAPI\Camera.cpp
		Patches\Common\GameAPI\Camera.h = Patches\Common\GameAPI\Camera.h
		Patches\Common\GameAPI\CSWGuiScene.cpp = Patches\Common\GameAPI\CSWGuiScene.cpp
		Patches\Common\GameAPI\CSWGuiScene.h = Patches\Common\GameAPI\CSWGuiScene.h
		Patches\Common\GameAPI\Gob.cpp = Patches\Common\GameAPI\Gob.cpp
		Patches\Common\GameAPI\Gob.h = Patches\Common\GameAPI\Gob.h
		Patches\Common\GameAPI\Scene.cpp = Patches\Common\GameAPI\Scene.cpp
		Patches\Common\GameAPI\Scene.h = Patches\Common\GameAPI\Scene.h
	EndProjectSection
EndProject
Project("{2150E333-8FDC-42A3-9474-1A3956D46DE8}") = "DialogueRepliesPast9", "DialogueRepliesPast9", "{84C74D0E-81A6-4841-B942-9BCA59C01C27}"
	ProjectSection(SolutionItems) = preProject
		Patches\DialogueRepliesPast9\hooks.toml = Patches\DialogueRepliesPast9\hooks.toml
		Patches\DialogueRepliesPast9\manifest.toml = Patches\DialogueRepliesPast9\manifest.toml
	EndProjectSection
EndProject
Project("{2150E333-8FDC-42A3-9474-1A3956D46DE8}") = "LevelUpLimit", "LevelUpLimit", "{EBD53BA0-5CAD-46AA-9320-9BA612E57D26}"
	ProjectSection(SolutionItems) = preProject
		Patches\LevelUpLimit\exports.def = Patches\LevelUpLimit\exports.def
		Patches\LevelUpLimit\hooks.toml = Patches\LevelUpLimit\hooks.toml
		Patches\LevelUpLimit\manifest.toml = Patches\LevelUpLimit\manifest.toml
		Patches\LevelUpLimit\Reallocations.cpp = Patches\LevelUpLimit\Reallocations.cpp
	EndProjectSection
EndProject
Project("{2150E333-8FDC-42A3-9474-1A3956D46DE8}") = "additional", "additional", "{09748B9A-F786-42D3-96A9-4A85E41BD878}"
	ProjectSection(SolutionItems) = preProject
		Patches\LevelUpLimit\additional\acbonus.2da = Patches\LevelUpLimit\additional\acbonus.2da
		Patches\LevelUpLimit\additional\classes.2da = Patches\LevelUpLimit\additional\classes.2da
		Patches\LevelUpLimit\additional\classpowergain.2da = Patches\LevelUpLimit\additional\classpowergain.2da
		Patches\LevelUpLimit\additional\cls_spgn_jedi.2da = Patches\LevelUpLimit\additional\cls_spgn_jedi.2da
		Patches\LevelUpLimit\additional\cls_st_cm_drd.2da = Patches\LevelUpLimit\additional\cls_st_cm_drd.2da
		Patches\LevelUpLimit\additional\cls_st_ex_drd.2da = Patches\LevelUpLimit\additional\cls_st_ex_drd.2da
		Patches\LevelUpLimit\additional\cls_st_jedi_c.2da = Patches\LevelUpLimit\additional\cls_st_jedi_c.2da
		Patches\LevelUpLimit\additional\cls_st_jedi_g.2da = Patches\LevelUpLimit\additional\cls_st_jedi_g.2da
		Patches\LevelUpLimit\additional\cls_st_jedi_s.2da = Patches\LevelUpLimit\additional\cls_st_jedi_s.2da
		Patches\LevelUpLimit\additional\cls_st_minion.2da = Patches\LevelUpLimit\additional\cls_st_minion.2da
		Patches\LevelUpLimit\additional\cls_st_scndrl.2da = Patches\LevelUpLimit\additional\cls_st_scndrl.2da
		Patches\LevelUpLimit\additional\cls_st_scout.2da = Patches\LevelUpLimit\additional\cls_st_scout.2da
		Patches\LevelUpLimit\additional\cls_st_soldier.2da = Patches\LevelUpLimit\additional\cls_st_soldier.2da
		Patches\LevelUpLimit\additional\exptable.2da = Patches\LevelUpLimit\additional\exptable.2da
		Patches\LevelUpLimit\additional\featgain.2da = Patches\LevelUpLimit\additional\featgain.2da
		Patches\LevelUpLimit\additional\xptable.2da = Patches\LevelUpLimit\additional\xptable.2da
	EndProjectSection
EndProject
Project("{2150E333-8FDC-42A3-9474-1A3956D46DE8}") = "PlanetsLimit", "PlanetsLimit", "{CF5B67AF-6810-44DD-B4E1-C98EDE270B7D}"
	ProjectSection(SolutionItems) = preProject
		Patches\PlanetsLimit\export.cpp = Patches\PlanetsLimit\export.cpp
		Patches\PlanetsLimit\exports.def = Patches\PlanetsLimit\exports.def
		Patches\PlanetsLimit\hooks.toml = Patches\PlanetsLimit\hooks.toml
		Patches\PlanetsLimit\manifest.toml = Patches\PlanetsLimit\manifest.toml
	EndProjectSection
EndProject
Project("{2150E333-8FDC-42A3-9474-1A3956D46DE8}") = "additional", "additional", "{0CE7EC37-B554-454F-BD2C-331F77217F1C}"
	ProjectSection(SolutionItems) = preProject
		Patches\ScriptExtender\additional\nwscript.nss = Patches\ScriptExtender\additional\nwscript.nss
	
		Patches\FullPartySelect\additional\partyselect_p.gui = Patches\FullPartySelect\additional\partyselect_p.gui
		Patches\FullPartySelect\additional\readme.md = Patches\FullPartySelect\additional\readme.md
	
		Patches\K1GUITests\additional\optionsingame.gui = Patches\K1GUITests\additional\optionsingame.gui
		Patches\K1GUITests\additional\test1.gui = Patches\K1GUITests\additional\test1.gui
	
		Patches\ShaderOverride\additional\README.md = Patches\ShaderOverride\additional\README.md
	
		Patches\K1GUITests\additional\monke.tga = Patches\K1GUITests\additional\monke.tga
	EndProjectSection
EndProject
Project("{2150E333-8FDC-42A3-9474-1A3956D46DE8}") = "ShipBuildFalse", "ShipBuildFalse", "{EE5E99F9-1328-4558-9FEB-488A38AA6AEC}"
	ProjectSection(SolutionItems) = preProject
		Patches\ShipBuildFalse\hooks.toml = Patches\ShipBuildFalse\hooks.toml
		Patches\ShipBuildFalse\manifest.toml = Patches\ShipBuildFalse\manifest.toml
	EndProjectSection
EndProject
Project("{2150E333-8FDC-42A3-9474-1A3956D46DE8}") = "BorderlessFullscreen", "BorderlessFullscreen", "{A246DA08-FD0C-4EA7-8BBB-6339CE456809}"
	ProjectSection(SolutionItems) = preProject
		Patches\BorderlessFullscreen\kotor1.hooks.toml = Patches\BorderlessFullscreen\kotor1.hooks.toml
		Patches\BorderlessFullscreen\kotor2-gog-aspyr.hooks.toml = Patches\BorderlessFullscreen\kotor2-gog-aspyr.hooks.toml
		Patches\BorderlessFullscreen\kotor2-steam-aspyr.hooks.toml = Patches\BorderlessFullscreen\kotor2-steam-aspyr.hooks.toml
		Patches\BorderlessFullscreen\manifest.toml = Patches\BorderlessFullscreen\manifest.toml
	EndProjectSection
EndProject
Project("{2150E333-8FDC-42A3-9474-1A3956D46DE8}") = "DeSteamify", "DeSteamify", "{D36A9142-50DE-4D39-BA3C-2A43E5EFE11B}"
	ProjectSection(SolutionItems) = preProject
		Patches\DeSteamify\kotor2-steam-aspyr.hooks.toml = Patches\DeSteamify\kotor2-steam-aspyr.hooks.toml
		Patches\DeSteamify\manifest.toml = Patches\DeSteamify\manifest.toml
	EndProjectSection
EndProject
Project("{2150E333-8FDC-42A3-9474-1A3956D46DE8}") = "FairPazaakTurnOrder", "FairPazaakTurnOrder", "{4C32A871-78CB-41E4-86B6-EE9C0A986415}"
	ProjectSection(SolutionItems) = preProject
		Patches\FairPazaakTurnOrder\kotor1.hooks.toml = Patches\FairPazaakTurnOrder\kotor1.hooks.toml
		Patches\FairPazaakTurnOrder\manifest.toml = Patches\FairPazaakTurnOrder\manifest.toml
	EndProjectSection
EndProject
Project("{2150E333-8FDC-42A3-9474-1A3956D46DE8}") = "FullPartySelect", "FullPartySelect", "{B4B89116-2C38-4FF0-B916-6E8EF27A0340}"
	ProjectSection(SolutionItems) = preProject
		Patches\FullPartySelect\kotor2-gog-aspyr.hooks - Copy.toml = Patches\FullPartySelect\kotor2-gog-aspyr.hooks - Copy.toml
		Patches\FullPartySelect\kotor2-gog-aspyr.hooks.toml = Patches\FullPartySelect\kotor2-gog-aspyr.hooks.toml
		Patches\FullPartySelect\kotor2-steam-aspyr.hooks.toml = Patches\FullPartySelect\kotor2-steam-aspyr.hooks.toml
		Patches\FullPartySelect\manifest.toml = Patches\FullPartySelect\manifest.toml
	
		Patches\FullPartySelect\kotor2-gog-aspyr.hooks - Copy.toml = Patches\FullPartySelect\kotor2-gog-aspyr.hooks - Copy.toml
	
		Patches\FullPartySelect\kotor2-gog-aspyr.hooks - Copy.toml = Patches\FullPartySelect\kotor2-gog-aspyr.hooks - Copy.toml
	
		Patches\FullPartySelect\kotor2-gog-aspyr.hooks - Copy.toml = Patches\FullPartySelect\kotor2-gog-aspyr.hooks - Copy.toml
	EndProjectSection
EndProject
Project("{2150E333-8FDC-42A3-9474-1A3956D46DE8}") = "GoodAlignmentHeads", "GoodAlignmentHeads", "{43E78283-596C-4BF5-AAE7-A3C70E201340}"
	ProjectSection(SolutionItems) = preProject
		Patches\GoodAlignmentHeads\kotor2-gog-aspyr.hooks.toml = Patches\GoodAlignmentHeads\kotor2-gog-aspyr.hooks.toml
		Patches\GoodAlignmentHeads\kotor2-steam-aspyr.hooks.toml = Patches\GoodAlignmentHeads\kotor2-steam-aspyr.hooks.toml
		Patches\GoodAlignmentHeads\manifest.toml = Patches\GoodAlignmentHeads\manifest.toml
	EndProjectSection
EndProject
Project("{2150E333-8FDC-42A3-9474-1A3956D46DE8}") = "K1GUITests", "K1GUITests", "{88243151-0E06-4E08-8A2F-1F507FC0AEC7}"
	ProjectSection(SolutionItems) = preProject
		Patches\K1GUITests\exports.cpp = Patches\K1GUITests\exports.cpp
		Patches\K1GUITests\exports.def = Patches\K1GUITests\exports.def
		Patches\K1GUITests\hooks.toml = Patches\K1GUITests\hooks.toml
		Patches\K1GUITests\manifest.toml = Patches\K1GUITests\manifest.toml
		Patches\K1GUITests\TestGUI.h = Patches\K1GUITests\TestGUI.h
	EndProjectSection
EndProject
Project("{2150E333-8FDC-42A3-9474-1A3956D46DE8}") = "K1SkillPointsIntModFix", "K1SkillPointsIntModFix", "{AE59EBA4-A3EF-482A-A86F-BDB4284DA41F}"
	ProjectSection(SolutionItems) = preProject
		Patches\K1SkillPointsIntModFix\hooks.toml = Patches\K1SkillPointsIntModFix\hooks.toml
		Patches\K1SkillPointsIntModFix\manifest.toml = Patches\K1SkillPointsIntModFix\manifest.toml
	EndProjectSection
EndProject
Project("{2150E333-8FDC-42A3-9474-1A3956D46DE8}") = "K2AspyrColorCorrection", "K2AspyrColorCorrection", "{FEA16A23-452D-469E-ADA7-39595727FE50}"
	ProjectSection(SolutionItems) = preProject
		Patches\K2AspyrColorCorrection\kotor2-gog-aspyr.hooks.toml = Patches\K2AspyrColorCorrection\kotor2-gog-aspyr.hooks.toml
		Patches\K2AspyrColorCorrection\kotor2-steam-aspyr.hooks.toml = Patches\K2AspyrColorCorrection\kotor2-steam-aspyr.hooks.toml
		Patches\K2AspyrColorCorrection\manifest.toml = Patches\K2AspyrColorCorrection\manifest.toml
	EndProjectSection
EndProject
Project("{2150E333-8FDC-42A3-9474-1A3956D46DE8}") = "K2AspyrFogReflectionFix", "K2AspyrFogReflectionFix", "{6C869998-CF4C-4881-9B29-EC191BEDC3CC}"
	ProjectSection(SolutionItems) = preProject
		Patches\K2AspyrFogReflectionFix\kotor2-gog-aspyr.hooks.toml = Patches\K2AspyrFogReflectionFix\kotor2-gog-aspyr.hooks.toml
		Patches\K2AspyrFogReflectionFix\kotor2-steam-aspyr.hooks.toml = Patches\K2AspyrFogReflectionFix\kotor2-steam-aspyr.hooks.toml
		Patches\K2AspyrFogReflectionFix\manifest.toml = Patches\K2AspyrFogReflectionFix\manifest.toml
	EndProjectSection
EndProject
Project("{2150E333-8FDC-42A3-9474-1A3956D46DE8}") = "K2AspyrMusicFix", "K2AspyrMusicFix", "{5D10BAEC-6D42-4FD6-8714-955A85E47657}"
	ProjectSection(SolutionItems) = preProject
		Patches\K2AspyrMusicFix\kotor2-gog-aspyr.hooks.toml = Patches\K2AspyrMusicFix\kotor2-gog-aspyr.hooks.toml
		Patches\K2AspyrMusicFix\kotor2-steam-aspyr.hooks.toml = Patches\K2AspyrMusicFix\kotor2-steam-aspyr.hooks.toml
		Patches\K2AspyrMusicFix\manifest.toml = Patches\K2AspyrMusicFix\manifest.toml
	EndProjectSection
EndProject
Project("{2150E333-8FDC-42A3-9474-1A3956D46DE8}") = "K2AspyrNormalMapsFix", "K2AspyrNormalMapsFix", "{E5BA5DC9-CF08-4165-A5A4-1FD3DFA3EC5E}"
	ProjectSection(SolutionItems) = preProject
		Patches\K2AspyrNormalMapsFix\kotor2-gog-aspyr.hooks.toml = Patches\K2AspyrNormalMapsFix\kotor2-gog-aspyr.hooks.toml
		Patches\K2AspyrNormalMapsFix\kotor2-steam-aspyr.hooks.toml = Patches\K2AspyrNormalMapsFix\kotor2-steam-aspyr.hooks.toml
		Patches\K2AspyrNormalMapsFix\manifest.toml = Patches\K2AspyrNormalMapsFix\manifest.toml
	EndProjectSection
EndProject
Project("{2150E333-8FDC-42A3-9474-1A3956D46DE8}") = "K2AspyrSaberTextureFix", "K2AspyrSaberTextureFix", "{A7FA1EDF-D28D-49FD-8DCC-138CFDA2D475}"
	ProjectSection(SolutionItems) = preProject
		Patches\K2AspyrSaberTextureFix\kotor2-gog-aspyr.hooks.toml = Patches\K2AspyrSaberTextureFix\kotor2-gog-aspyr.hooks.toml
		Patches\K2AspyrSaberTextureFix\kotor2-steam-aspyr.hooks.toml = Patches\K2AspyrSaberTextureFix\kotor2-steam-aspyr.hooks.toml
		Patches\K2AspyrSaberTextureFix\manifest.toml = Patches\K2AspyrSaberTextureFix\manifest.toml
	EndProjectSection
EndProject
Project("{2150E333-8FDC-42A3-9474-1A3956D46DE8}") = "K1MarkedEmptyContainers", "K1MarkedEmptyContainers", "{14EDAB40-C701-4CC1-9857-2B386764A8A0}"
	ProjectSection(SolutionItems) = preProject
		Patches\K1MarkedEmptyContainers\kotor1.hooks.toml = Patches\K1MarkedEmptyContainers\kotor1.hooks.toml
		Patches\K1MarkedEmptyContainers\manifest.toml = Patches\K1MarkedEmptyContainers\manifest.toml
	EndProjectSection
EndProject
Project("{2150E333-8FDC-42A3-9474-1A3956D46DE8}") = "K2AspyrVisibleConsole", "K2AspyrVisibleConsole", "{779678C5-D3A8-4A19-8805-F7EDBFE4373C}"
	ProjectSection(SolutionItems) = preProject
		Patches\K2AspyrVisibleConsole\exports.def = Patches\K2AspyrVisibleConsole\exports.def
		Patches\K2AspyrVisibleConsole\hooks.toml = Patches\K2AspyrVisibleConsole\hooks.toml
		Patches\K2AspyrVisibleConsole\manifest.toml = Patches\K2AspyrVisibleConsole\manifest.toml
		Patches\K2AspyrVisibleConsole\VisibleConsole.cpp = Patches\K2AspyrVisibleConsole\VisibleConsole.cpp
	EndProjectSection
EndProject
Project("{2150E333-8FDC-42A3-9474-1A3956D46DE8}") = "MoviePatch-v1.0", "MoviePatch-v1.0", "{15C064E7-59EC-4035-8189-DE7EBD234C1C}"
	ProjectSection(SolutionItems) = preProject
		Patches\MoviePatch-v1.0\better_movie_playback.cpp = Patches\MoviePatch-v1.0\better_movie_playback.cpp
		Patches\MoviePatch-v1.0\better_movie_playback.h = Patches\MoviePatch-v1.0\better_movie_playback.h
		Patches\MoviePatch-v1.0\export.cpp = Patches\MoviePatch-v1.0\export.cpp
		Patches\MoviePatch-v1.0\exports.def = Patches\MoviePatch-v1.0\exports.def
		Patches\MoviePatch-v1.0\hooks.toml = Patches\MoviePatch-v1.0\hooks.toml
		Patches\MoviePatch-v1.0\manifest.toml = Patches\MoviePatch-v1.0\manifest.toml
	EndProjectSection
EndProject
Project("{2150E333-8FDC-42A3-9474-1A3956D46DE8}") = "ShaderOverride", "ShaderOverride", "{E1624006-BA06-4E58-AD71-7C33E37FF4AB}"
	ProjectSection(SolutionItems) = preProject
		Patches\ShaderOverride\exports.def = Patches\ShaderOverride\exports.def
		Patches\ShaderOverride\hooks.toml = Patches\ShaderOverride\hooks.toml
		Patches\ShaderOverride\LICENSE_gShaderReplacer.txt = Patches\ShaderOverride\LICENSE_gShaderReplacer.txt
		Patches\ShaderOverride\LICENSE_ShaderOverride.txt = Patches\ShaderOverride\LICENSE_ShaderOverride.txt
		Patches\ShaderOverride\manifest.toml = Patches\ShaderOverride\manifest.toml
		Patches\ShaderOverride\ShaderOverride.cpp = Patches\ShaderOverride\ShaderOverride.cpp
	EndProjectSection
EndProject
Project("{2150E333-8FDC-42A3-9474-1A3956D46DE8}") = "shaders", "shaders", "{426E78EA-516C-498E-A901-58C186163DB9}"
	ProjectSection(SolutionItems) = preProject
		Patches\ShaderOverride\additional\shaders\fp_1tex_vertex_alpha_lerp_cube.arb = Patches\ShaderOverride\additional\shaders\fp_1tex_vertex_alpha_lerp_cube.arb
		Patches\ShaderOverride\additional\shaders\fp_2tex_multiply_vertex_lit.arb = Patches\ShaderOverride\additional\shaders\fp_2tex_multiply_vertex_lit.arb
		Patches\ShaderOverride\additional\shaders\fp_2tex_vertexplus_secondary_multiply.arb = Patches\ShaderOverride\additional\shaders\fp_2tex_vertexplus_secondary_multiply.arb
		Patches\ShaderOverride\additional\shaders\fp_3tex_base_plus_detail_plus_alpha_add.arb = Patches\ShaderOverride\additional\shaders\fp_3tex_base_plus_detail_plus_alpha_add.arb
		Patches\ShaderOverride\additional\shaders\fp_rect_gamma_pow_rgb.arb = Patches\ShaderOverride\additional\shaders\fp_rect_gamma_pow_rgb.arb
		Patches\ShaderOverride\additional\shaders\shader_ident.txt = Patches\ShaderOverride\additional\shaders\shader_ident.txt
		Patches\ShaderOverride\additional\shaders\vp_3light_diffuse_spec_fog_4tex.arb = Patches\ShaderOverride\additional\shaders\vp_3light_diffuse_spec_fog_4tex.arb
		Patches\ShaderOverride\additional\shaders\vp_3light_diffuse_spec_fog_projected_env_tex1.arb = Patches\ShaderOverride\additional\shaders\vp_3light_diffuse_spec_fog_projected_env_tex1.arb
		Patches\ShaderOverride\additional\shaders\vp_3light_diffuse_spec_fog_projected_env_tex2.arb = Patches\ShaderOverride\additional\shaders\vp_3light_diffuse_spec_fog_projected_env_tex2.arb
		Patches\ShaderOverride\additional\shaders\vp_basis_transform_fog_projected_env.arb = Patches\ShaderOverride\additional\shaders\vp_basis_transform_fog_projected_env.arb
		Patches\ShaderOverride\additional\shaders\vp_mvp_normal_fogcolor_billboard.arb = Patches\ShaderOverride\additional\shaders\vp_mvp_normal_fogcolor_billboard.arb
		Patches\ShaderOverride\additional\shaders\vp_position_along_normal_offset_fog_2tex.arb = Patches\ShaderOverride\additional\shaders\vp_position_along_normal_offset_fog_2tex.arb
		Patches\ShaderOverride\additional\shaders\vp_skinned_3light_diffuse_spec_fog.arb = Patches\ShaderOverride\additional\shaders\vp_skinned_3light_diffuse_spec_fog.arb
		Patches\ShaderOverride\additional\shaders\vp_skinned_basis_transform_fog_projected_env.arb = Patches\ShaderOverride\additional\shaders\vp_skinned_basis_transform_fog_projected_env.arb
		Patches\ShaderOverride\additional\shaders\vp_skinned_position_normal_offset_fog.arb = Patches\ShaderOverride\additional\shaders\vp_skinned_position_normal_offset_fog.arb
	EndProjectSection
EndProject
Project("{2150E333-8FDC-42A3-9474-1A3956D46DE8}") = "K1PazaakK2Speed", "K1PazaakK2Speed", "{25FA63C3-E9C2-493E-8605-FC323A103BFA}"
	ProjectSection(SolutionItems) = preProject
		Patches\K1PazaakK2Speed\kotor1.hooks.toml = Patches\K1PazaakK2Speed\kotor1.hooks.toml
		Patches\K1PazaakK2Speed\manifest.toml = Patches\K1PazaakK2Speed\manifest.toml
	EndProjectSection
EndProject
Project("{2150E333-8FDC-42A3-9474-1A3956D46DE8}") = "K1SecurityDemolitionsXP", "K1SecurityDemolitionsXP", "{EF96DBD4-A06B-4020-BC69-366B14AE1070}"
	ProjectSection(SolutionItems) = preProject
		Patches\K1SecurityDemolitionsXP\hooks.toml = Patches\K1SecurityDemolitionsXP\hooks.toml
		Patches\K1SecurityDemolitionsXP\K1SecurityDemolitionsXP.cpp = Patches\K1SecurityDemolitionsXP\K1SecurityDemolitionsXP.cpp
		Patches\K1SecurityDemolitionsXP\manifest.toml = Patches\K1SecurityDemolitionsXP\manifest.toml
	
		Patches\K1SecurityDemolitionsXP\exports.def = Patches\K1SecurityDemolitionsXP\exports.def
	EndProjectSection
EndProject
Project("{2150E333-8FDC-42A3-9474-1A3956D46DE8}") = "K1SecuritySpikes", "K1SecuritySpikes", "{46320615-FA00-417B-BEBC-A8F9CFC089E0}"
	ProjectSection(SolutionItems) = preProject
		Patches\K1SecuritySpikes\hooks.toml = Patches\K1SecuritySpikes\hooks.toml
		Patches\K1SecuritySpikes\K1SecuritySpikes.cpp = Patches\K1SecuritySpikes\K1SecuritySpikes.cpp
		Patches\K1SecuritySpikes\manifest.toml = Patches\K1SecuritySpikes\manifest.toml
	
		Patches\K1SecuritySpikes\exports.def = Patches\K1SecuritySpikes\exports.def
	EndProjectSection
EndProject
Project("{2150E333-8FDC-42A3-9474-1A3956D46DE8}") = "K2FinesseMeleeFix", "K2FinesseMeleeFix", "{FC036E7F-1E5F-418D-9350-3AD4AF55FD03}"
	ProjectSection(SolutionItems) = preProject
		Patches\K2FinesseMeleeFix\kotor2-gog-aspyr.hooks.toml = Patches\K2FinesseMeleeFix\kotor2-gog-aspyr.hooks.toml
		Patches\K2FinesseMeleeFix\kotor2-steam-aspyr.hooks.toml = Patches\K2FinesseMeleeFix\kotor2-steam-aspyr.hooks.toml
		Patches\K2FinesseMeleeFix\manifest.toml = Patches\K2FinesseMeleeFix\manifest.toml
	EndProjectSection
EndProject
Project("{2150E333-8FDC-42A3-9474-1A3956D46DE8}") = "Max Lights", "Max Lights", "{726BFED0-8F79-495E-B329-DB53F7229B0D}"
	ProjectSection(SolutionItems) = preProject
		Patches\Max Lights\kotor2-gog-aspyr.hooks.toml = Patches\Max Lights\kotor2-gog-aspyr.hooks.toml
		Patches\Max Lights\kotor2-steam-aspyr.hooks.toml = Patches\Max Lights\kotor2-steam-aspyr.hooks.toml
		Patches\Max Lights\manifest.toml = Patches\Max Lights\manifest.toml
	
		Patches\Max Lights\kotor2-gog-aspyr.hooks.toml = Patches\Max Lights\kotor2-gog-aspyr.hooks.toml
		Patches\Max Lights\kotor2-steam-aspyr.hooks.toml = Patches\Max Lights\kotor2-steam-aspyr.hooks.toml
		Patches\Max Lights\manifest.toml = Patches\Max Lights\manifest.toml
	
		Patches\Max Lights\kotor2-gog-aspyr.hooks.toml = Patches\Max Lights\kotor2-gog-aspyr.hooks.toml
		Patches\Max Lights\kotor2-steam-aspyr.hooks.toml = Patches\Max Lights\kotor2-steam-aspyr.hooks.toml
		Patches\Max Lights\manifest.toml = Patches\Max Lights\manifest.toml
	EndProjectSection
EndProject
Project("{2150E333-8FDC-42A3-9474-1A3956D46DE8}") = "StoreConfirmThreshold2500", "StoreConfirmThreshold2500", "{57D786AC-9A34-44C2-B70C-0FBC6DBB51A9}"
	ProjectSection(SolutionItems) = preProject
		Patches\StoreConfirmThreshold2500\kotor1.hooks.toml = Patches\StoreConfirmThreshold2500\kotor1.hooks.toml
		Patches\StoreConfirmThreshold2500\kotor2-gog-aspyr.hooks.toml = Patches\StoreConfirmThreshold2500\kotor2-gog-aspyr.hooks.toml
		Patches\StoreConfirmThreshold2500\kotor2-steam-aspyr.hooks.toml = Patches\StoreConfirmThreshold2500\kotor2-steam-aspyr.hooks.toml
		Patches\StoreConfirmThreshold2500\manifest.toml = Patches\StoreConfirmThreshold2500\manifest.toml
	EndProjectSection
EndProject
Project("{2150E333-8FDC-42A3-9474-1A3956D46DE8}") = "StoreNoConfirmThreshold", "StoreNoConfirmThreshold", "{255DFDD4-E313-4837-A03F-AFA0AF613DD8}"
	ProjectSection(SolutionItems) = preProject
		Patches\StoreNoConfirmThreshold\kotor1.hooks.toml = Patches\StoreNoConfirmThreshold\kotor1.hooks.toml
		Patches\StoreNoConfirmThreshold\kotor2-gog-aspyr.hooks.toml = Patches\StoreNoConfirmThreshold\kotor2-gog-aspyr.hooks.toml
		Patches\StoreNoConfirmThreshold\kotor2-steam-aspyr.hooks.toml = Patches\StoreNoConfirmThreshold\kotor2-steam-aspyr.hooks.toml
		Patches\StoreNoConfirmThreshold\manifest.toml = Patches\StoreNoConfirmThreshold\manifest.toml
	EndProjectSection
EndProject
Project("{2150E333-8FDC-42A3-9474-1A3956D46DE8}") = "Post-Combat Movement Fix", "Post-Combat Movement Fix", "{7F77AB04-598D-4E0E-A4EC-016214AC7FCC}"
	ProjectSection(SolutionItems) = preProject
		Patches\Post-Combat Movement Fix\kotor1_103.hooks.toml = Patches\Post-Combat Movement Fix\kotor1_103.hooks.toml
		Patches\Post-Combat Movement Fix\kotor2_gog_aspyr.hooks.toml = Patches\Post-Combat Movement Fix\kotor2_gog_aspyr.hooks.toml
		Patches\Post-Combat Movement Fix\manifest.toml = Patches\Post-Combat Movement Fix\manifest.toml
	
		Patches\Post-Combat Movement Fix\kotor1_103.hooks.toml = Patches\Post-Combat Movement Fix\kotor1_103.hooks.toml
		Patches\Post-Combat Movement Fix\kotor2_gog_aspyr.hooks.toml = Patches\Post-Combat Movement Fix\kotor2_gog_aspyr.hooks.toml
		Patches\Post-Combat Movement Fix\manifest.toml = Patches\Post-Combat Movement Fix\manifest.toml
	EndProjectSection
EndProject
Project("{2150E333-8FDC-42A3-9474-1A3956D46DE8}") = "src", "src", "{0B421AA0-B168-42EB-AD2A-1579E542CA43}"
EndProject
Project("{2150E333-8FDC-42A3-9474-1A3956D46DE8}") = "KProxy", "KProxy", "{D9E3FBA5-8846-4188-9414-606C1192D137}"
	ProjectSection(SolutionItems) = preProject
		src\KProxy\bink_forwards.def = src\KProxy\bink_forwards.def
		src\KProxy\build-mingw.sh = src\KProxy\build-mingw.sh
		src\KProxy\generate-def.sh = src\KProxy\generate-def.sh
		src\KProxy\kproxy.cpp = src\KProxy\kproxy.cpp
		src\KProxy\README.md = src\KProxy\README.md
	EndProjectSection
EndProject
Global
	GlobalSection(SolutionConfigurationPlatforms) = preSolution
		Debug|Any CPU = Debug|Any CPU
		Debug|x64 = Debug|x64
		Debug|x86 = Debug|x86
		Release|Any CPU = Release|Any CPU
		Release|x64 = Release|x64
		Release|x86 = Release|x86
	EndGlobalSection
	GlobalSection(ProjectConfigurationPlatforms) = postSolution
		{3F929284-908B-43CC-A128-642644F6AB61}.Debug|Any CPU.ActiveCfg = Debug|Win32
		{3F929284-908B-43CC-A128-642644F6AB61}.Debug|Any CPU.Build.0 = Debug|Win32
		{3F929284-908B-43CC-A128-642644F6AB61}.Debug|x64.ActiveCfg = Debug|x64
		{3F929284-908B-43CC-A128-642644F6AB61}.Debug|x64.Build.0 = Debug|x64
		{3F929284-908B-43CC-A128-642644F6AB61}.Debug|x86.ActiveCfg = Debug|Win32
		{3F929284-908B-43CC-A128-642644F6AB61}.Debug|x86.Build.0 = Debug|Win32
		{3F929284-908B-43CC-A128-642644F6AB61}.Release|Any CPU.ActiveCfg = Release|Win32
		{3F929284-908B-43CC-A128-642644F6AB61}.Release|Any CPU.Build.0 = Release|Win32
		{3F929284-908B-43CC-A128-642644F6AB61}.Release|x64.ActiveCfg = Release|x64
		{3F929284-908B-43CC-A128-642644F6AB61}.Release|x64.Build.0 = Release|x64
		{3F929284-908B-43CC-A128-642644F6AB61}.Release|x86.ActiveCfg = Release|Win32
		{3F929284-908B-43CC-A128-642644F6AB61}.Release|x86.Build.0 = Release|Win32
		{50916F36-3B9F-4D5F-9312-28DEDA210CDA}.Debug|Any CPU.ActiveCfg = Debug|Any CPU
		{50916F36-3B9F-4D5F-9312-28DEDA210CDA}.Debug|Any CPU.Build.0 = Debug|Any CPU
		{50916F36-3B9F-4D5F-9312-28DEDA210CDA}.Debug|x64.ActiveCfg = Debug|Any CPU
		{50916F36-3B9F-4D5F-9312-28DEDA210CDA}.Debug|x64.Build.0 = Debug|Any CPU
		{50916F36-3B9F-4D5F-9312-28DEDA210CDA}.Debug|x86.ActiveCfg = Debug|Any CPU
		{50916F36-3B9F-4D5F-9312-28DEDA210CDA}.Debug|x86.Build.0 = Debug|Any CPU
		{50916F36-3B9F-4D5F-9312-28DEDA210CDA}.Release|Any CPU.ActiveCfg = Release|Any CPU
		{50916F36-3B9F-4D5F-9312-28DEDA210CDA}.Release|Any CPU.Build.0 = Release|Any CPU
		{50916F36-3B9F-4D5F-9312-28DEDA210CDA}.Release|x64.ActiveCfg = Release|Any CPU
		{50916F36-3B9F-4D5F-9312-28DEDA210CDA}.Release|x64.Build.0 = Release|Any CPU
		{50916F36-3B9F-4D5F-9312-28DEDA210CDA}.Release|x86.ActiveCfg = Release|Any CPU
		{50916F36-3B9F-4D5F-9312-28DEDA210CDA}.Release|x86.Build.0 = Release|Any CPU
		{A1B2C3D4-E5F6-7890-ABCD-EF1234567890}.Debug|Any CPU.ActiveCfg = Debug|Any CPU
		{A1B2C3D4-E5F6-7890-ABCD-EF1234567890}.Debug|Any CPU.Build.0 = Debug|Any CPU
		{A1B2C3D4-E5F6-7890-ABCD-EF1234567890}.Debug|x64.ActiveCfg = Debug|Any CPU
		{A1B2C3D4-E5F6-7890-ABCD-EF1234567890}.Debug|x64.Build.0 = Debug|Any CPU
		{A1B2C3D4-E5F6-7890-ABCD-EF1234567890}.Debug|x86.ActiveCfg = Debug|Any CPU
		{A1B2C3D4-E5F6-7890-ABCD-EF1234567890}.Debug|x86.Build.0 = Debug|Any CPU
		{A1B2C3D4-E5F6-7890-ABCD-EF1234567890}.Release|Any CPU.ActiveCfg = Release|Any CPU
		{A1B2C3D4-E5F6-7890-ABCD-EF1234567890}.Release|Any CPU.Build.0 = Release|Any CPU
		{A1B2C3D4-E5F6-7890-ABCD-EF1234567890}.Release|x64.ActiveCfg = Release|Any CPU
		{A1B2C3D4-E5F6-7890-ABCD-EF1234567890}.Release|x64.Build.0 = Release|Any CPU
		{A1B2C3D4-E5F6-7890-ABCD-EF1234567890}.Release|x86.ActiveCfg = Release|Any CPU
		{A1B2C3D4-E5F6-7890-ABCD-EF1234567890}.Release|x86.Build.0 = Release|Any CPU
		{C5D6E7F8-A9B0-1C2D-3E4F-5A6B7C8D9E0F}.Debug|Any CPU.ActiveCfg = Debug|Any CPU
		{C5D6E7F8-A9B0-1C2D-3E4F-5A6B7C8D9E0F}.Debug|Any CPU.Build.0 = Debug|Any CPU
		{C5D6E7F8-A9B0-1C2D-3E4F-5A6B7C8D9E0F}.Debug|x64.ActiveCfg = Debug|Any CPU
		{C5D6E7F8-A9B0-1C2D-3E4F-5A6B7C8D9E0F}.Debug|x64.Build.0 = Debug|Any CPU
		{C5D6E7F8-A9B0-1C2D-3E4F-5A6B7C8D9E0F}.Debug|x86.ActiveCfg = Debug|Any CPU
		{C5D6E7F8-A9B0-1C2D-3E4F-5A6B7C8D9E0F}.Debug|x86.Build.0 = Debug|Any CPU
		{C5D6E7F8-A9B0-1C2D-3E4F-5A6B7C8D9E0F}.Release|Any CPU.ActiveCfg = Release|Any CPU
		{C5D6E7F8-A9B0-1C2D-3E4F-5A6B7C8D9E0F}.Release|Any CPU.Build.0 = Release|Any CPU
		{C5D6E7F8-A9B0-1C2D-3E4F-5A6B7C8D9E0F}.Release|x64.ActiveCfg = Release|Any CPU
		{C5D6E7F8-A9B0-1C2D-3E4F-5A6B7C8D9E0F}.Release|x64.Build.0 = Release|Any CPU
		{C5D6E7F8-A9B0-1C2D-3E4F-5A6B7C8D9E0F}.Release|x86.ActiveCfg = Release|Any CPU
		{C5D6E7F8-A9B0-1C2D-3E4F-5A6B7C8D9E0F}.Release|x86.Build.0 = Release|Any CPU
	EndGlobalSection
	GlobalSection(SolutionProperties) = preSolution
		HideSolutionNode = FALSE
	EndGlobalSection
	GlobalSection(NestedProjects) = preSolution
		{C5D6E7F8-A9B0-1C2D-3E4F-5A6B7C8D9E0F} = {D1E2F3A4-B5C6-7D8E-9F0A-1B2C3D4E5F6A}
		{E2EC2BBE-C9B1-45ED-9045-9B9684B93CA7} = {B30A8E1D-F3A8-414F-AF9B-60C8CC3046C3}
		{F96014DA-1F4F-4367-810D-860A753FD9F9} = {B30A8E1D-F3A8-414F-AF9B-60C8CC3046C3}
		{C051DF2F-D94E-40A5-B004-04308B8991C8} = {B30A8E1D-F3A8-414F-AF9B-60C8CC3046C3}
		{44FCCA62-7F28-4C88-B537-D283B74CC91F} = {B30A8E1D-F3A8-414F-AF9B-60C8CC3046C3}
		{7AC5E75B-E77E-4E4C-8DE0-AB4C70CE80C4} = {B30A8E1D-F3A8-414F-AF9B-60C8CC3046C3}
		{23452DB2-30D6-463C-BC0D-0074EBB12133} = {B30A8E1D-F3A8-414F-AF9B-60C8CC3046C3}
		{9885C0AB-DB6D-48B5-828E-B4B3DDA8125E} = {B30A8E1D-F3A8-414F-AF9B-60C8CC3046C3}
		{491E65BA-AB9B-4A2B-B3EC-CD0B266397EB} = {B30A8E1D-F3A8-414F-AF9B-60C8CC3046C3}
		{D9D851BD-6DB4-4101-B178-06AB11D6E051} = {E2EC2BBE-C9B1-45ED-9045-9B9684B93CA7}
		{84C74D0E-81A6-4841-B942-9BCA59C01C27} = {B30A8E1D-F3A8-414F-AF9B-60C8CC3046C3}
		{EBD53BA0-5CAD-46AA-9320-9BA612E57D26} = {B30A8E1D-F3A8-414F-AF9B-60C8CC3046C3}
		{09748B9A-F786-42D3-96A9-4A85E41BD878} = {EBD53BA0-5CAD-46AA-9320-9BA612E57D26}
		{CF5B67AF-6810-44DD-B4E1-C98EDE270B7D} = {B30A8E1D-F3A8-414F-AF9B-60C8CC3046C3}
		{0CE7EC37-B554-454F-BD2C-331F77217F1C} = {7AC5E75B-E77E-4E4C-8DE0-AB4C70CE80C4}
		{EE5E99F9-1328-4558-9FEB-488A38AA6AEC} = {B30A8E1D-F3A8-414F-AF9B-60C8CC3046C3}
		{A246DA08-FD0C-4EA7-8BBB-6339CE456809} = {B30A8E1D-F3A8-414F-AF9B-60C8CC3046C3}
		{D36A9142-50DE-4D39-BA3C-2A43E5EFE11B} = {B30A8E1D-F3A8-414F-AF9B-60C8CC3046C3}
		{4C32A871-78CB-41E4-86B6-EE9C0A986415} = {B30A8E1D-F3A8-414F-AF9B-60C8CC3046C3}
		{B4B89116-2C38-4FF0-B916-6E8EF27A0340} = {B30A8E1D-F3A8-414F-AF9B-60C8CC3046C3}
		{43E78283-596C-4BF5-AAE7-A3C70E201340} = {B30A8E1D-F3A8-414F-AF9B-60C8CC3046C3}
		{88243151-0E06-4E08-8A2F-1F507FC0AEC7} = {B30A8E1D-F3A8-414F-AF9B-60C8CC3046C3}
		{AE59EBA4-A3EF-482A-A86F-BDB4284DA41F} = {B30A8E1D-F3A8-414F-AF9B-60C8CC3046C3}
		{FEA16A23-452D-469E-ADA7-39595727FE50} = {B30A8E1D-F3A8-414F-AF9B-60C8CC3046C3}
		{6C869998-CF4C-4881-9B29-EC191BEDC3CC} = {B30A8E1D-F3A8-414F-AF9B-60C8CC3046C3}
		{5D10BAEC-6D42-4FD6-8714-955A85E47657} = {B30A8E1D-F3A8-414F-AF9B-60C8CC3046C3}
		{E5BA5DC9-CF08-4165-A5A4-1FD3DFA3EC5E} = {B30A8E1D-F3A8-414F-AF9B-60C8CC3046C3}
		{A7FA1EDF-D28D-49FD-8DCC-138CFDA2D475} = {B30A8E1D-F3A8-414F-AF9B-60C8CC3046C3}
		{14EDAB40-C701-4CC1-9857-2B386764A8A0} = {B30A8E1D-F3A8-414F-AF9B-60C8CC3046C3}
		{779678C5-D3A8-4A19-8805-F7EDBFE4373C} = {B30A8E1D-F3A8-414F-AF9B-60C8CC3046C3}
		{15C064E7-59EC-4035-8189-DE7EBD234C1C} = {B30A8E1D-F3A8-414F-AF9B-60C8CC3046C3}
		{E1624006-BA06-4E58-AD71-7C33E37FF4AB} = {B30A8E1D-F3A8-414F-AF9B-60C8CC3046C3}
		{426E78EA-516C-498E-A901-58C186163DB9} = {0CE7EC37-B554-454F-BD2C-331F77217F1C}
		{25FA63C3-E9C2-493E-8605-FC323A103BFA} = {B30A8E1D-F3A8-414F-AF9B-60C8CC3046C3}
		{EF96DBD4-A06B-4020-BC69-366B14AE1070} = {B30A8E1D-F3A8-414F-AF9B-60C8CC3046C3}
		{46320615-FA00-417B-BEBC-A8F9CFC089E0} = {B30A8E1D-F3A8-414F-AF9B-60C8CC3046C3}
		{FC036E7F-1E5F-418D-9350-3AD4AF55FD03} = {B30A8E1D-F3A8-414F-AF9B-60C8CC3046C3}
		{726BFED0-8F79-495E-B329-DB53F7229B0D} = {B30A8E1D-F3A8-414F-AF9B-60C8CC3046C3}
		{57D786AC-9A34-44C2-B70C-0FBC6DBB51A9} = {B30A8E1D-F3A8-414F-AF9B-60C8CC3046C3}
		{255DFDD4-E313-4837-A03F-AFA0AF613DD8} = {B30A8E1D-F3A8-414F-AF9B-60C8CC3046C3}
		{7F77AB04-598D-4E0E-A4EC-016214AC7FCC} = {B30A8E1D-F3A8-414F-AF9B-60C8CC3046C3}
		{D9E3FBA5-8846-4188-9414-606C1192D137} = {0B421AA0-B168-42EB-AD2A-1579E542CA43}
	EndGlobalSection
	GlobalSection(ExtensibilityGlobals) = postSolution
		SolutionGuid = {EC8C0764-BD06-422A-B325-D20270F5D772}
	EndGlobalSection
EndGlobal
