
Microsoft Visual Studio Solution File, Format Version 12.00
# Visual Studio Version 17
VisualStudioVersion = 17.14.36511.14
MinimumVisualStudioVersion = 10.0.40219.1
Project("{8BC9CEB8-8B4A-11D0-8D11-00A0C91BC942}") = "KotorPatcher", "src\KotorPatcher\KotorPatcher.vcxproj", "{3F929284-908B-43CC-A128-642644F6AB61}"
EndProject
Project("{FAE04EC0-301F-11D3-BF4B-00C04F79EFBC}") = "KPatchCore", "src\KPatchCore\KPatchCore.csproj", "{50916F36-3B9F-4D5F-9312-28DEDA210CDA}"
EndProject
Project("{FAE04EC0-301F-11D3-BF4B-00C04F79EFBC}") = "KPatchLauncher", "src\KPatchLauncher\KPatchLauncher.csproj", "{A1B2C3D4-E5F6-7890-ABCD-EF1234567890}"
EndProject
Project("{2150E333-8FDC-42A3-9474-1A3956D46DE8}") = "Patches", "Patches", "{B30A8E1D-F3A8-414F-AF9B-60C8CC3046C3}"
	ProjectSection(SolutionItems) = preProject
		Patches\create-patch.bat = Patches\create-patch.bat
	EndProjectSection
EndProject
Project("{2150E333-8FDC-42A3-9474-1A3956D46DE8}") = "Common", "Common", "{E2EC2BBE-C9B1-45ED-9045-9B9684B93CA7}"
	ProjectSection(SolutionItems) = preProject
		Patches\Common\Common.cpp = Patches\Common\Common.cpp
		Patches\Common\Common.h = Patches\Common\Common.h
		Patches\Common\Kotor1Functions.cpp = Patches\Common\Kotor1Functions.cpp
		Patches\Common\Kotor1Functions.h = Patches\Common\Kotor1Functions.h
		Patches\Common\VirtualFunctionCall.h = Patches\Common\VirtualFunctionCall.h
	EndProjectSection
EndProject
Project("{2150E333-8FDC-42A3-9474-1A3956D46DE8}") = "AdditionalConsoleCommands", "AdditionalConsoleCommands", "{F96014DA-1F4F-4367-810D-860A753FD9F9}"
	ProjectSection(SolutionItems) = preProject
		Patches\AdditionalConsoleCommands\ConsoleCommands.cpp = Patches\AdditionalConsoleCommands\ConsoleCommands.cpp
		Patches\AdditionalConsoleCommands\ConsoleFunc.h = Patches\AdditionalConsoleCommands\ConsoleFunc.h
		Patches\AdditionalConsoleCommands\exports.def = Patches\AdditionalConsoleCommands\exports.def
		Patches\AdditionalConsoleCommands\kotor1.hooks.toml = Patches\AdditionalConsoleCommands\kotor1.hooks.toml
		Patches\AdditionalConsoleCommands\manifest.toml = Patches\AdditionalConsoleCommands\manifest.toml
		Patches\AdditionalConsoleCommands\README.md = Patches\AdditionalConsoleCommands\README.md
	EndProjectSection
EndProject
Project("{2150E333-8FDC-42A3-9474-1A3956D46DE8}") = "EnableScriptAurPostString", "EnableScriptAurPostString", "{C051DF2F-D94E-40A5-B004-04308B8991C8}"
	ProjectSection(SolutionItems) = preProject
		Patches\EnableScriptAurPostString\aurpoststring_patch.cpp = Patches\EnableScriptAurPostString\aurpoststring_patch.cpp
		Patches\EnableScriptAurPostString\hooks.toml = Patches\EnableScriptAurPostString\hooks.toml
		Patches\EnableScriptAurPostString\manifest.toml = Patches\EnableScriptAurPostString\manifest.toml
	EndProjectSection
EndProject
Project("{2150E333-8FDC-42A3-9474-1A3956D46DE8}") = "MorePlaceablesIn2DA", "MorePlaceablesIn2DA", "{44FCCA62-7F28-4C88-B537-D283B74CC91F}"
	ProjectSection(SolutionItems) = preProject
		Patches\MorePlaceablesIn2DA\hooks.toml = Patches\MorePlaceablesIn2DA\hooks.toml
		Patches\MorePlaceablesIn2DA\manifest.toml = Patches\MorePlaceablesIn2DA\manifest.toml
	EndProjectSection
EndProject
Project("{2150E333-8FDC-42A3-9474-1A3956D46DE8}") = "RepeatingBlaster", "RepeatingBlaster", "{A27407B3-9017-4ACC-A268-89655215846F}"
	ProjectSection(SolutionItems) = preProject
		Patches\RepeatingBlaster\hooks.toml = Patches\RepeatingBlaster\hooks.toml
		Patches\RepeatingBlaster\manifest.toml = Patches\RepeatingBlaster\manifest.toml
	EndProjectSection
EndProject
Project("{2150E333-8FDC-42A3-9474-1A3956D46DE8}") = "ScriptExtender", "ScriptExtender", "{7AC5E75B-E77E-4E4C-8DE0-AB4C70CE80C4}"
	ProjectSection(SolutionItems) = preProject
		Patches\ScriptExtender\creatureStats.cpp = Patches\ScriptExtender\creatureStats.cpp
		Patches\ScriptExtender\creatureStats.h = Patches\ScriptExtender\creatureStats.h
		Patches\ScriptExtender\exports.def = Patches\ScriptExtender\exports.def
		Patches\ScriptExtender\fileIO.cpp = Patches\ScriptExtender\fileIO.cpp
		Patches\ScriptExtender\fileIO.h = Patches\ScriptExtender\fileIO.h
		Patches\ScriptExtender\hooks.toml = Patches\ScriptExtender\hooks.toml
		Patches\ScriptExtender\manifest.toml = Patches\ScriptExtender\manifest.toml
		Patches\ScriptExtender\ScriptExtender.cpp = Patches\ScriptExtender\ScriptExtender.cpp
		Patches\ScriptExtender\todo.md = Patches\ScriptExtender\todo.md
	EndProjectSection
EndProject
Project("{2150E333-8FDC-42A3-9474-1A3956D46DE8}") = "SemiTransparentLetterbox", "SemiTransparentLetterbox", "{23452DB2-30D6-463C-BC0D-0074EBB12133}"
	ProjectSection(SolutionItems) = preProject
		Patches\SemiTransparentLetterbox\hooks.toml = Patches\SemiTransparentLetterbox\hooks.toml
		Patches\SemiTransparentLetterbox\manifest.toml = Patches\SemiTransparentLetterbox\manifest.toml
	EndProjectSection
EndProject
Global
	GlobalSection(SolutionConfigurationPlatforms) = preSolution
		Debug|Any CPU = Debug|Any CPU
		Debug|x64 = Debug|x64
		Debug|x86 = Debug|x86
		Release|Any CPU = Release|Any CPU
		Release|x64 = Release|x64
		Release|x86 = Release|x86
	EndGlobalSection
	GlobalSection(ProjectConfigurationPlatforms) = postSolution
		{3F929284-908B-43CC-A128-642644F6AB61}.Debug|Any CPU.ActiveCfg = Debug|Win32
		{3F929284-908B-43CC-A128-642644F6AB61}.Debug|Any CPU.Build.0 = Debug|Win32
		{3F929284-908B-43CC-A128-642644F6AB61}.Debug|x64.ActiveCfg = Debug|x64
		{3F929284-908B-43CC-A128-642644F6AB61}.Debug|x64.Build.0 = Debug|x64
		{3F929284-908B-43CC-A128-642644F6AB61}.Debug|x86.ActiveCfg = Debug|Win32
		{3F929284-908B-43CC-A128-642644F6AB61}.Debug|x86.Build.0 = Debug|Win32
		{3F929284-908B-43CC-A128-642644F6AB61}.Release|Any CPU.ActiveCfg = Release|Win32
		{3F929284-908B-43CC-A128-642644F6AB61}.Release|Any CPU.Build.0 = Release|Win32
		{3F929284-908B-43CC-A128-642644F6AB61}.Release|x64.ActiveCfg = Release|x64
		{3F929284-908B-43CC-A128-642644F6AB61}.Release|x64.Build.0 = Release|x64
		{3F929284-908B-43CC-A128-642644F6AB61}.Release|x86.ActiveCfg = Release|Win32
		{3F929284-908B-43CC-A128-642644F6AB61}.Release|x86.Build.0 = Release|Win32
		{50916F36-3B9F-4D5F-9312-28DEDA210CDA}.Debug|Any CPU.ActiveCfg = Debug|Any CPU
		{50916F36-3B9F-4D5F-9312-28DEDA210CDA}.Debug|Any CPU.Build.0 = Debug|Any CPU
		{50916F36-3B9F-4D5F-9312-28DEDA210CDA}.Debug|x64.ActiveCfg = Debug|Any CPU
		{50916F36-3B9F-4D5F-9312-28DEDA210CDA}.Debug|x64.Build.0 = Debug|Any CPU
		{50916F36-3B9F-4D5F-9312-28DEDA210CDA}.Debug|x86.ActiveCfg = Debug|Any CPU
		{50916F36-3B9F-4D5F-9312-28DEDA210CDA}.Debug|x86.Build.0 = Debug|Any CPU
		{50916F36-3B9F-4D5F-9312-28DEDA210CDA}.Release|Any CPU.ActiveCfg = Release|Any CPU
		{50916F36-3B9F-4D5F-9312-28DEDA210CDA}.Release|Any CPU.Build.0 = Release|Any CPU
		{50916F36-3B9F-4D5F-9312-28DEDA210CDA}.Release|x64.ActiveCfg = Release|Any CPU
		{50916F36-3B9F-4D5F-9312-28DEDA210CDA}.Release|x64.Build.0 = Release|Any CPU
		{50916F36-3B9F-4D5F-9312-28DEDA210CDA}.Release|x86.ActiveCfg = Release|Any CPU
		{50916F36-3B9F-4D5F-9312-28DEDA210CDA}.Release|x86.Build.0 = Release|Any CPU
		{A1B2C3D4-E5F6-7890-ABCD-EF1234567890}.Debug|Any CPU.ActiveCfg = Debug|Any CPU
		{A1B2C3D4-E5F6-7890-ABCD-EF1234567890}.Debug|Any CPU.Build.0 = Debug|Any CPU
		{A1B2C3D4-E5F6-7890-ABCD-EF1234567890}.Debug|x64.ActiveCfg = Debug|Any CPU
		{A1B2C3D4-E5F6-7890-ABCD-EF1234567890}.Debug|x64.Build.0 = Debug|Any CPU
		{A1B2C3D4-E5F6-7890-ABCD-EF1234567890}.Debug|x86.ActiveCfg = Debug|Any CPU
		{A1B2C3D4-E5F6-7890-ABCD-EF1234567890}.Debug|x86.Build.0 = Debug|Any CPU
		{A1B2C3D4-E5F6-7890-ABCD-EF1234567890}.Release|Any CPU.ActiveCfg = Release|Any CPU
		{A1B2C3D4-E5F6-7890-ABCD-EF1234567890}.Release|Any CPU.Build.0 = Release|Any CPU
		{A1B2C3D4-E5F6-7890-ABCD-EF1234567890}.Release|x64.ActiveCfg = Release|Any CPU
		{A1B2C3D4-E5F6-7890-ABCD-EF1234567890}.Release|x64.Build.0 = Release|Any CPU
		{A1B2C3D4-E5F6-7890-ABCD-EF1234567890}.Release|x86.ActiveCfg = Release|Any CPU
		{A1B2C3D4-E5F6-7890-ABCD-EF1234567890}.Release|x86.Build.0 = Release|Any CPU
	EndGlobalSection
	GlobalSection(SolutionProperties) = preSolution
		HideSolutionNode = FALSE
	EndGlobalSection
	GlobalSection(NestedProjects) = preSolution
		{E2EC2BBE-C9B1-45ED-9045-9B9684B93CA7} = {B30A8E1D-F3A8-414F-AF9B-60C8CC3046C3}
		{F96014DA-1F4F-4367-810D-860A753FD9F9} = {B30A8E1D-F3A8-414F-AF9B-60C8CC3046C3}
		{C051DF2F-D94E-40A5-B004-04308B8991C8} = {B30A8E1D-F3A8-414F-AF9B-60C8CC3046C3}
		{44FCCA62-7F28-4C88-B537-D283B74CC91F} = {B30A8E1D-F3A8-414F-AF9B-60C8CC3046C3}
		{A27407B3-9017-4ACC-A268-89655215846F} = {B30A8E1D-F3A8-414F-AF9B-60C8CC3046C3}
		{7AC5E75B-E77E-4E4C-8DE0-AB4C70CE80C4} = {B30A8E1D-F3A8-414F-AF9B-60C8CC3046C3}
		{23452DB2-30D6-463C-BC0D-0074EBB12133} = {B30A8E1D-F3A8-414F-AF9B-60C8CC3046C3}
	EndGlobalSection
	GlobalSection(ExtensibilityGlobals) = postSolution
		SolutionGuid = {EC8C0764-BD06-422A-B325-D20270F5D772}
	EndGlobalSection
EndGlobal
