
Microsoft Visual Studio Solution File, Format Version 12.00
# Visual Studio Version 17
VisualStudioVersion = 17.14.36511.14
MinimumVisualStudioVersion = 10.0.40219.1
Project("{8BC9CEB8-8B4A-11D0-8D11-00A0C91BC942}") = "KotorPatcher", "src\KotorPatcher\KotorPatcher.vcxproj", "{3F929284-908B-43CC-A128-642644F6AB61}"
EndProject
Project("{FAE04EC0-301F-11D3-BF4B-00C04F79EFBC}") = "KPatchCore", "src\KPatchCore\KPatchCore.csproj", "{50916F36-3B9F-4D5F-9312-28DEDA210CDA}"
EndProject
Project("{FAE04EC0-301F-11D3-BF4B-00C04F79EFBC}") = "KPatchLauncher", "src\KPatchLauncher\KPatchLauncher.csproj", "{A1B2C3D4-E5F6-7890-ABCD-EF1234567890}"
EndProject
Project("{2150E333-8FDC-42A3-9474-1A3956D46DE8}") = "Tools", "Tools", "{D1E2F3A4-B5C6-7D8E-9F0A-1B2C3D4E5F6A}"
EndProject
Project("{FAE04EC0-301F-11D3-BF4B-00C04F79EFBC}") = "SqliteTools", "tools\SqliteTools\SqliteTools.csproj", "{C5D6E7F8-A9B0-1C2D-3E4F-5A6B7C8D9E0F}"
EndProject
Project("{2150E333-8FDC-42A3-9474-1A3956D46DE8}") = "Patches", "Patches", "{B30A8E1D-F3A8-414F-AF9B-60C8CC3046C3}"
	ProjectSection(SolutionItems) = preProject
		Patches\create-patch.bat = Patches\create-patch.bat
	EndProjectSection
EndProject
Project("{2150E333-8FDC-42A3-9474-1A3956D46DE8}") = "Common", "Common", "{E2EC2BBE-C9B1-45ED-9045-9B9684B93CA7}"
	ProjectSection(SolutionItems) = preProject
		Patches\Common\Common.cpp = Patches\Common\Common.cpp
		Patches\Common\Common.h = Patches\Common\Common.h
		Patches\Common\Kotor1Functions.cpp = Patches\Common\Kotor1Functions.cpp
		Patches\Common\Kotor1Functions.h = Patches\Common\Kotor1Functions.h
		Patches\Common\VirtualFunctionCall.h = Patches\Common\VirtualFunctionCall.h
	EndProjectSection
EndProject
Project("{2150E333-8FDC-42A3-9474-1A3956D46DE8}") = "AdditionalConsoleCommands", "AdditionalConsoleCommands", "{F96014DA-1F4F-4367-810D-860A753FD9F9}"
	ProjectSection(SolutionItems) = preProject
		Patches\AdditionalConsoleCommands\ConsoleCommands.cpp = Patches\AdditionalConsoleCommands\ConsoleCommands.cpp
		Patches\AdditionalConsoleCommands\ConsoleFunc.h = Patches\AdditionalConsoleCommands\ConsoleFunc.h
		Patches\AdditionalConsoleCommands\exports.def = Patches\AdditionalConsoleCommands\exports.def
		Patches\AdditionalConsoleCommands\kotor1.hooks.toml = Patches\AdditionalConsoleCommands\kotor1.hooks.toml
		Patches\AdditionalConsoleCommands\manifest.toml = Patches\AdditionalConsoleCommands\manifest.toml
		Patches\AdditionalConsoleCommands\README.md = Patches\AdditionalConsoleCommands\README.md
	
		Patches\AdditionalConsoleCommands\kotor2-gog-aspyr.hooks.toml = Patches\AdditionalConsoleCommands\kotor2-gog-aspyr.hooks.toml
	EndProjectSection
EndProject
Project("{2150E333-8FDC-42A3-9474-1A3956D46DE8}") = "EnableScriptAurPostString", "EnableScriptAurPostString", "{C051DF2F-D94E-40A5-B004-04308B8991C8}"
	ProjectSection(SolutionItems) = preProject
		Patches\EnableScriptAurPostString\aurpoststring_patch.cpp = Patches\EnableScriptAurPostString\aurpoststring_patch.cpp
		Patches\EnableScriptAurPostString\hooks.toml = Patches\EnableScriptAurPostString\hooks.toml
		Patches\EnableScriptAurPostString\manifest.toml = Patches\EnableScriptAurPostString\manifest.toml
	
		Patches\EnableScriptAurPostString\exports.def = Patches\EnableScriptAurPostString\exports.def
	EndProjectSection
EndProject
Project("{2150E333-8FDC-42A3-9474-1A3956D46DE8}") = "MorePlaceablesIn2DA", "MorePlaceablesIn2DA", "{44FCCA62-7F28-4C88-B537-D283B74CC91F}"
	ProjectSection(SolutionItems) = preProject
		Patches\MorePlaceablesIn2DA\hooks.toml = Patches\MorePlaceablesIn2DA\hooks.toml
		Patches\MorePlaceablesIn2DA\manifest.toml = Patches\MorePlaceablesIn2DA\manifest.toml
	EndProjectSection
EndProject
Project("{2150E333-8FDC-42A3-9474-1A3956D46DE8}") = "RepeatingBlaster", "RepeatingBlaster", "{A27407B3-9017-4ACC-A268-89655215846F}"
	ProjectSection(SolutionItems) = preProject
		Patches\RepeatingBlaster\hooks.toml = Patches\RepeatingBlaster\hooks.toml
		Patches\RepeatingBlaster\manifest.toml = Patches\RepeatingBlaster\manifest.toml
	EndProjectSection
EndProject
Project("{2150E333-8FDC-42A3-9474-1A3956D46DE8}") = "ScriptExtender", "ScriptExtender", "{7AC5E75B-E77E-4E4C-8DE0-AB4C70CE80C4}"
	ProjectSection(SolutionItems) = preProject
		Patches\ScriptExtender\creatureStats.cpp = Patches\ScriptExtender\creatureStats.cpp
		Patches\ScriptExtender\creatureStats.h = Patches\ScriptExtender\creatureStats.h
		Patches\ScriptExtender\exports.def = Patches\ScriptExtender\exports.def
		Patches\ScriptExtender\fileIO.cpp = Patches\ScriptExtender\fileIO.cpp
		Patches\ScriptExtender\fileIO.h = Patches\ScriptExtender\fileIO.h
		Patches\ScriptExtender\hooks.toml = Patches\ScriptExtender\hooks.toml
		Patches\ScriptExtender\manifest.toml = Patches\ScriptExtender\manifest.toml
		Patches\ScriptExtender\ScriptExtender.cpp = Patches\ScriptExtender\ScriptExtender.cpp
		Patches\ScriptExtender\todo.md = Patches\ScriptExtender\todo.md
	
		Patches\ScriptExtender\clientCreatures.cpp = Patches\ScriptExtender\clientCreatures.cpp
		Patches\ScriptExtender\clientCreatures.h = Patches\ScriptExtender\clientCreatures.h
		Patches\ScriptExtender\globalModifiers.cpp = Patches\ScriptExtender\globalModifiers.cpp
		Patches\ScriptExtender\globalModifiers.h = Patches\ScriptExtender\globalModifiers.h
		Patches\ScriptExtender\twoDA.cpp = Patches\ScriptExtender\twoDA.cpp
		Patches\ScriptExtender\twoDA.h = Patches\ScriptExtender\twoDA.h
	EndProjectSection
EndProject
Project("{2150E333-8FDC-42A3-9474-1A3956D46DE8}") = "SemiTransparentLetterbox", "SemiTransparentLetterbox", "{23452DB2-30D6-463C-BC0D-0074EBB12133}"
	ProjectSection(SolutionItems) = preProject
		Patches\SemiTransparentLetterbox\hooks.toml = Patches\SemiTransparentLetterbox\hooks.toml
		Patches\SemiTransparentLetterbox\manifest.toml = Patches\SemiTransparentLetterbox\manifest.toml
	EndProjectSection
EndProject
Project("{2150E333-8FDC-42A3-9474-1A3956D46DE8}") = "Solution Items", "Solution Items", "{A8D99C40-6784-42FF-A902-E6F20AE0E981}"
	ProjectSection(SolutionItems) = preProject
		.gitattributes = .gitattributes
		.gitignore = .gitignore
		publish.bat = publish.bat
		README.md = README.md
	EndProjectSection
EndProject
Project("{2150E333-8FDC-42A3-9474-1A3956D46DE8}") = "AddressDatabases", "AddressDatabases", "{9149723B-2F97-4142-90A2-03AB43A3D68D}"
	ProjectSection(SolutionItems) = preProject
		AddressDatabases\kotor1_0_3.db = AddressDatabases\kotor1_0_3.db
		AddressDatabases\kotor2_gog_aspyr.db = AddressDatabases\kotor2_gog_aspyr.db
	EndProjectSection
EndProject
Project("{2150E333-8FDC-42A3-9474-1A3956D46DE8}") = "docs", "docs", "{352B7770-11E6-45D8-8FDC-F2D14EC8331F}"
	ProjectSection(SolutionItems) = preProject
		docs\2da_row_limits.md = docs\2da_row_limits.md
		docs\AddressDatabaseSystem.md = docs\AddressDatabaseSystem.md
		docs\MULTI_VERSION_ARCHITECTURE.md = docs\MULTI_VERSION_ARCHITECTURE.md
		docs\PATCH_OPTIONS_DESIGN.md = docs\PATCH_OPTIONS_DESIGN.md
		docs\RELEASE_GUIDE.md = docs\RELEASE_GUIDE.md
		docs\Roadmap2026.md = docs\Roadmap2026.md
	EndProjectSection
EndProject
Project("{2150E333-8FDC-42A3-9474-1A3956D46DE8}") = "lib", "lib", "{715F5B99-9F0E-4E53-8068-75AED0AD420F}"
	ProjectSection(SolutionItems) = preProject
		lib\sqlite3.def = lib\sqlite3.def
		lib\sqlite3.dll = lib\sqlite3.dll
		lib\sqlite3.exp = lib\sqlite3.exp
		lib\sqlite3.h = lib\sqlite3.h
		lib\sqlite3.lib = lib\sqlite3.lib
	EndProjectSection
EndProject
Project("{2150E333-8FDC-42A3-9474-1A3956D46DE8}") = "4GBPatch", "4GBPatch", "{9885C0AB-DB6D-48B5-828E-B4B3DDA8125E}"
	ProjectSection(SolutionItems) = preProject
		Patches\4GBPatch\hooks.toml = Patches\4GBPatch\hooks.toml
		Patches\4GBPatch\manifest.toml = Patches\4GBPatch\manifest.toml
	EndProjectSection
EndProject
Project("{2150E333-8FDC-42A3-9474-1A3956D46DE8}") = "AppearanceBodyVariations", "AppearanceBodyVariations", "{491E65BA-AB9B-4A2B-B3EC-CD0B266397EB}"
	ProjectSection(SolutionItems) = preProject
		Patches\AppearanceBodyVariations\hooks.toml = Patches\AppearanceBodyVariations\hooks.toml
		Patches\AppearanceBodyVariations\manifest.toml = Patches\AppearanceBodyVariations\manifest.toml
	EndProjectSection
EndProject
Project("{2150E333-8FDC-42A3-9474-1A3956D46DE8}") = "GameAPI", "GameAPI", "{D9D851BD-6DB4-4101-B178-06AB11D6E051}"
	ProjectSection(SolutionItems) = preProject
		Patches\Common\GameAPI\C2DA.cpp = Patches\Common\GameAPI\C2DA.cpp
		Patches\Common\GameAPI\C2DA.h = Patches\Common\GameAPI\C2DA.h
		Patches\Common\GameAPI\CAppManager.cpp = Patches\Common\GameAPI\CAppManager.cpp
		Patches\Common\GameAPI\CAppManager.h = Patches\Common\GameAPI\CAppManager.h
		Patches\Common\GameAPI\CClientExoApp.cpp = Patches\Common\GameAPI\CClientExoApp.cpp
		Patches\Common\GameAPI\CClientExoApp.h = Patches\Common\GameAPI\CClientExoApp.h
		Patches\Common\GameAPI\CClientOptions.cpp = Patches\Common\GameAPI\CClientOptions.cpp
		Patches\Common\GameAPI\CClientOptions.h = Patches\Common\GameAPI\CClientOptions.h
		Patches\Common\GameAPI\CExoArrayList.cpp = Patches\Common\GameAPI\CExoArrayList.cpp
		Patches\Common\GameAPI\CExoArrayList.h = Patches\Common\GameAPI\CExoArrayList.h
		Patches\Common\GameAPI\CExoLinkedList.cpp = Patches\Common\GameAPI\CExoLinkedList.cpp
		Patches\Common\GameAPI\CExoLinkedList.h = Patches\Common\GameAPI\CExoLinkedList.h
		Patches\Common\GameAPI\CExoString.cpp = Patches\Common\GameAPI\CExoString.cpp
		Patches\Common\GameAPI\CExoString.h = Patches\Common\GameAPI\CExoString.h
		Patches\Common\GameAPI\CGameObject.cpp = Patches\Common\GameAPI\CGameObject.cpp
		Patches\Common\GameAPI\CGameObject.h = Patches\Common\GameAPI\CGameObject.h
		Patches\Common\GameAPI\CGameObjectArray.cpp = Patches\Common\GameAPI\CGameObjectArray.cpp
		Patches\Common\GameAPI\CGameObjectArray.h = Patches\Common\GameAPI\CGameObjectArray.h
		Patches\Common\GameAPI\CRes.cpp = Patches\Common\GameAPI\CRes.cpp
		Patches\Common\GameAPI\CRes.h = Patches\Common\GameAPI\CRes.h
		Patches\Common\GameAPI\CResGFF.cpp = Patches\Common\GameAPI\CResGFF.cpp
		Patches\Common\GameAPI\CResGFF.h = Patches\Common\GameAPI\CResGFF.h
		Patches\Common\GameAPI\CResRef.cpp = Patches\Common\GameAPI\CResRef.cpp
		Patches\Common\GameAPI\CResRef.h = Patches\Common\GameAPI\CResRef.h
		Patches\Common\GameAPI\CServerExoApp.cpp = Patches\Common\GameAPI\CServerExoApp.cpp
		Patches\Common\GameAPI\CServerExoApp.h = Patches\Common\GameAPI\CServerExoApp.h
		Patches\Common\GameAPI\CSWCCreature.cpp = Patches\Common\GameAPI\CSWCCreature.cpp
		Patches\Common\GameAPI\CSWCCreature.h = Patches\Common\GameAPI\CSWCCreature.h
		Patches\Common\GameAPI\CSWGuiObject.cpp = Patches\Common\GameAPI\CSWGuiObject.cpp
		Patches\Common\GameAPI\CSWGuiObject.h = Patches\Common\GameAPI\CSWGuiObject.h
		Patches\Common\GameAPI\CSWInventory.cpp = Patches\Common\GameAPI\CSWInventory.cpp
		Patches\Common\GameAPI\CSWInventory.h = Patches\Common\GameAPI\CSWInventory.h
		Patches\Common\GameAPI\CSWItem.cpp = Patches\Common\GameAPI\CSWItem.cpp
		Patches\Common\GameAPI\CSWItem.h = Patches\Common\GameAPI\CSWItem.h
		Patches\Common\GameAPI\CSWSCreature.cpp = Patches\Common\GameAPI\CSWSCreature.cpp
		Patches\Common\GameAPI\CSWSCreature.h = Patches\Common\GameAPI\CSWSCreature.h
		Patches\Common\GameAPI\CSWSCreatureStats.cpp = Patches\Common\GameAPI\CSWSCreatureStats.cpp
		Patches\Common\GameAPI\CSWSCreatureStats.h = Patches\Common\GameAPI\CSWSCreatureStats.h
		Patches\Common\GameAPI\CSWSObject.cpp = Patches\Common\GameAPI\CSWSObject.cpp
		Patches\Common\GameAPI\CSWSObject.h = Patches\Common\GameAPI\CSWSObject.h
		Patches\Common\GameAPI\CVirtualMachine.cpp = Patches\Common\GameAPI\CVirtualMachine.cpp
		Patches\Common\GameAPI\CVirtualMachine.h = Patches\Common\GameAPI\CVirtualMachine.h
		Patches\Common\GameAPI\GameAPIObject.cpp = Patches\Common\GameAPI\GameAPIObject.cpp
		Patches\Common\GameAPI\GameAPIObject.h = Patches\Common\GameAPI\GameAPIObject.h
		Patches\Common\GameAPI\GameVersion.cpp = Patches\Common\GameAPI\GameVersion.cpp
		Patches\Common\GameAPI\GameVersion.h = Patches\Common\GameAPI\GameVersion.h
	EndProjectSection
EndProject
Project("{2150E333-8FDC-42A3-9474-1A3956D46DE8}") = "DialogueRepliesPast9", "DialogueRepliesPast9", "{84C74D0E-81A6-4841-B942-9BCA59C01C27}"
	ProjectSection(SolutionItems) = preProject
		Patches\DialogueRepliesPast9\hooks.toml = Patches\DialogueRepliesPast9\hooks.toml
		Patches\DialogueRepliesPast9\manifest.toml = Patches\DialogueRepliesPast9\manifest.toml
	EndProjectSection
EndProject
Project("{2150E333-8FDC-42A3-9474-1A3956D46DE8}") = "LevelUpLimit", "LevelUpLimit", "{EBD53BA0-5CAD-46AA-9320-9BA612E57D26}"
	ProjectSection(SolutionItems) = preProject
		Patches\LevelUpLimit\exports.def = Patches\LevelUpLimit\exports.def
		Patches\LevelUpLimit\hooks.toml = Patches\LevelUpLimit\hooks.toml
		Patches\LevelUpLimit\manifest.toml = Patches\LevelUpLimit\manifest.toml
		Patches\LevelUpLimit\Reallocations.cpp = Patches\LevelUpLimit\Reallocations.cpp
	EndProjectSection
EndProject
Project("{2150E333-8FDC-42A3-9474-1A3956D46DE8}") = "additional", "additional", "{09748B9A-F786-42D3-96A9-4A85E41BD878}"
	ProjectSection(SolutionItems) = preProject
		Patches\LevelUpLimit\additional\acbonus.2da = Patches\LevelUpLimit\additional\acbonus.2da
		Patches\LevelUpLimit\additional\classes.2da = Patches\LevelUpLimit\additional\classes.2da
		Patches\LevelUpLimit\additional\classpowergain.2da = Patches\LevelUpLimit\additional\classpowergain.2da
		Patches\LevelUpLimit\additional\cls_spgn_jedi.2da = Patches\LevelUpLimit\additional\cls_spgn_jedi.2da
		Patches\LevelUpLimit\additional\cls_st_cm_drd.2da = Patches\LevelUpLimit\additional\cls_st_cm_drd.2da
		Patches\LevelUpLimit\additional\cls_st_ex_drd.2da = Patches\LevelUpLimit\additional\cls_st_ex_drd.2da
		Patches\LevelUpLimit\additional\cls_st_jedi_c.2da = Patches\LevelUpLimit\additional\cls_st_jedi_c.2da
		Patches\LevelUpLimit\additional\cls_st_jedi_g.2da = Patches\LevelUpLimit\additional\cls_st_jedi_g.2da
		Patches\LevelUpLimit\additional\cls_st_jedi_s.2da = Patches\LevelUpLimit\additional\cls_st_jedi_s.2da
		Patches\LevelUpLimit\additional\cls_st_minion.2da = Patches\LevelUpLimit\additional\cls_st_minion.2da
		Patches\LevelUpLimit\additional\cls_st_scndrl.2da = Patches\LevelUpLimit\additional\cls_st_scndrl.2da
		Patches\LevelUpLimit\additional\cls_st_scout.2da = Patches\LevelUpLimit\additional\cls_st_scout.2da
		Patches\LevelUpLimit\additional\cls_st_soldier.2da = Patches\LevelUpLimit\additional\cls_st_soldier.2da
		Patches\LevelUpLimit\additional\exptable.2da = Patches\LevelUpLimit\additional\exptable.2da
		Patches\LevelUpLimit\additional\featgain.2da = Patches\LevelUpLimit\additional\featgain.2da
		Patches\LevelUpLimit\additional\xptable.2da = Patches\LevelUpLimit\additional\xptable.2da
	EndProjectSection
EndProject
Project("{2150E333-8FDC-42A3-9474-1A3956D46DE8}") = "PlanetsLimit", "PlanetsLimit", "{CF5B67AF-6810-44DD-B4E1-C98EDE270B7D}"
	ProjectSection(SolutionItems) = preProject
		Patches\PlanetsLimit\export.cpp = Patches\PlanetsLimit\export.cpp
		Patches\PlanetsLimit\exports.def = Patches\PlanetsLimit\exports.def
		Patches\PlanetsLimit\hooks.toml = Patches\PlanetsLimit\hooks.toml
		Patches\PlanetsLimit\manifest.toml = Patches\PlanetsLimit\manifest.toml
	EndProjectSection
EndProject
Project("{2150E333-8FDC-42A3-9474-1A3956D46DE8}") = "additional", "additional", "{0CE7EC37-B554-454F-BD2C-331F77217F1C}"
	ProjectSection(SolutionItems) = preProject
		Patches\ScriptExtender\additional\nwscript.nss = Patches\ScriptExtender\additional\nwscript.nss
	EndProjectSection
EndProject
Project("{2150E333-8FDC-42A3-9474-1A3956D46DE8}") = "ShipBuildFalse", "ShipBuildFalse", "{EE5E99F9-1328-4558-9FEB-488A38AA6AEC}"
	ProjectSection(SolutionItems) = preProject
		Patches\ShipBuildFalse\hooks.toml = Patches\ShipBuildFalse\hooks.toml
		Patches\ShipBuildFalse\manifest.toml = Patches\ShipBuildFalse\manifest.toml
	EndProjectSection
EndProject
Global
	GlobalSection(SolutionConfigurationPlatforms) = preSolution
		Debug|Any CPU = Debug|Any CPU
		Debug|x64 = Debug|x64
		Debug|x86 = Debug|x86
		Release|Any CPU = Release|Any CPU
		Release|x64 = Release|x64
		Release|x86 = Release|x86
	EndGlobalSection
	GlobalSection(ProjectConfigurationPlatforms) = postSolution
		{3F929284-908B-43CC-A128-642644F6AB61}.Debug|Any CPU.ActiveCfg = Debug|Win32
		{3F929284-908B-43CC-A128-642644F6AB61}.Debug|Any CPU.Build.0 = Debug|Win32
		{3F929284-908B-43CC-A128-642644F6AB61}.Debug|x64.ActiveCfg = Debug|x64
		{3F929284-908B-43CC-A128-642644F6AB61}.Debug|x64.Build.0 = Debug|x64
		{3F929284-908B-43CC-A128-642644F6AB61}.Debug|x86.ActiveCfg = Debug|Win32
		{3F929284-908B-43CC-A128-642644F6AB61}.Debug|x86.Build.0 = Debug|Win32
		{3F929284-908B-43CC-A128-642644F6AB61}.Release|Any CPU.ActiveCfg = Release|Win32
		{3F929284-908B-43CC-A128-642644F6AB61}.Release|Any CPU.Build.0 = Release|Win32
		{3F929284-908B-43CC-A128-642644F6AB61}.Release|x64.ActiveCfg = Release|x64
		{3F929284-908B-43CC-A128-642644F6AB61}.Release|x64.Build.0 = Release|x64
		{3F929284-908B-43CC-A128-642644F6AB61}.Release|x86.ActiveCfg = Release|Win32
		{3F929284-908B-43CC-A128-642644F6AB61}.Release|x86.Build.0 = Release|Win32
		{50916F36-3B9F-4D5F-9312-28DEDA210CDA}.Debug|Any CPU.ActiveCfg = Debug|Any CPU
		{50916F36-3B9F-4D5F-9312-28DEDA210CDA}.Debug|Any CPU.Build.0 = Debug|Any CPU
		{50916F36-3B9F-4D5F-9312-28DEDA210CDA}.Debug|x64.ActiveCfg = Debug|Any CPU
		{50916F36-3B9F-4D5F-9312-28DEDA210CDA}.Debug|x64.Build.0 = Debug|Any CPU
		{50916F36-3B9F-4D5F-9312-28DEDA210CDA}.Debug|x86.ActiveCfg = Debug|Any CPU
		{50916F36-3B9F-4D5F-9312-28DEDA210CDA}.Debug|x86.Build.0 = Debug|Any CPU
		{50916F36-3B9F-4D5F-9312-28DEDA210CDA}.Release|Any CPU.ActiveCfg = Release|Any CPU
		{50916F36-3B9F-4D5F-9312-28DEDA210CDA}.Release|Any CPU.Build.0 = Release|Any CPU
		{50916F36-3B9F-4D5F-9312-28DEDA210CDA}.Release|x64.ActiveCfg = Release|Any CPU
		{50916F36-3B9F-4D5F-9312-28DEDA210CDA}.Release|x64.Build.0 = Release|Any CPU
		{50916F36-3B9F-4D5F-9312-28DEDA210CDA}.Release|x86.ActiveCfg = Release|Any CPU
		{50916F36-3B9F-4D5F-9312-28DEDA210CDA}.Release|x86.Build.0 = Release|Any CPU
		{A1B2C3D4-E5F6-7890-ABCD-EF1234567890}.Debug|Any CPU.ActiveCfg = Debug|Any CPU
		{A1B2C3D4-E5F6-7890-ABCD-EF1234567890}.Debug|Any CPU.Build.0 = Debug|Any CPU
		{A1B2C3D4-E5F6-7890-ABCD-EF1234567890}.Debug|x64.ActiveCfg = Debug|Any CPU
		{A1B2C3D4-E5F6-7890-ABCD-EF1234567890}.Debug|x64.Build.0 = Debug|Any CPU
		{A1B2C3D4-E5F6-7890-ABCD-EF1234567890}.Debug|x86.ActiveCfg = Debug|Any CPU
		{A1B2C3D4-E5F6-7890-ABCD-EF1234567890}.Debug|x86.Build.0 = Debug|Any CPU
		{A1B2C3D4-E5F6-7890-ABCD-EF1234567890}.Release|Any CPU.ActiveCfg = Release|Any CPU
		{A1B2C3D4-E5F6-7890-ABCD-EF1234567890}.Release|Any CPU.Build.0 = Release|Any CPU
		{A1B2C3D4-E5F6-7890-ABCD-EF1234567890}.Release|x64.ActiveCfg = Release|Any CPU
		{A1B2C3D4-E5F6-7890-ABCD-EF1234567890}.Release|x64.Build.0 = Release|Any CPU
		{A1B2C3D4-E5F6-7890-ABCD-EF1234567890}.Release|x86.ActiveCfg = Release|Any CPU
		{A1B2C3D4-E5F6-7890-ABCD-EF1234567890}.Release|x86.Build.0 = Release|Any CPU
		{C5D6E7F8-A9B0-1C2D-3E4F-5A6B7C8D9E0F}.Debug|Any CPU.ActiveCfg = Debug|Any CPU
		{C5D6E7F8-A9B0-1C2D-3E4F-5A6B7C8D9E0F}.Debug|Any CPU.Build.0 = Debug|Any CPU
		{C5D6E7F8-A9B0-1C2D-3E4F-5A6B7C8D9E0F}.Debug|x64.ActiveCfg = Debug|Any CPU
		{C5D6E7F8-A9B0-1C2D-3E4F-5A6B7C8D9E0F}.Debug|x64.Build.0 = Debug|Any CPU
		{C5D6E7F8-A9B0-1C2D-3E4F-5A6B7C8D9E0F}.Debug|x86.ActiveCfg = Debug|Any CPU
		{C5D6E7F8-A9B0-1C2D-3E4F-5A6B7C8D9E0F}.Debug|x86.Build.0 = Debug|Any CPU
		{C5D6E7F8-A9B0-1C2D-3E4F-5A6B7C8D9E0F}.Release|Any CPU.ActiveCfg = Release|Any CPU
		{C5D6E7F8-A9B0-1C2D-3E4F-5A6B7C8D9E0F}.Release|Any CPU.Build.0 = Release|Any CPU
		{C5D6E7F8-A9B0-1C2D-3E4F-5A6B7C8D9E0F}.Release|x64.ActiveCfg = Release|Any CPU
		{C5D6E7F8-A9B0-1C2D-3E4F-5A6B7C8D9E0F}.Release|x64.Build.0 = Release|Any CPU
		{C5D6E7F8-A9B0-1C2D-3E4F-5A6B7C8D9E0F}.Release|x86.ActiveCfg = Release|Any CPU
		{C5D6E7F8-A9B0-1C2D-3E4F-5A6B7C8D9E0F}.Release|x86.Build.0 = Release|Any CPU
	EndGlobalSection
	GlobalSection(SolutionProperties) = preSolution
		HideSolutionNode = FALSE
	EndGlobalSection
	GlobalSection(NestedProjects) = preSolution
		{C5D6E7F8-A9B0-1C2D-3E4F-5A6B7C8D9E0F} = {D1E2F3A4-B5C6-7D8E-9F0A-1B2C3D4E5F6A}
		{E2EC2BBE-C9B1-45ED-9045-9B9684B93CA7} = {B30A8E1D-F3A8-414F-AF9B-60C8CC3046C3}
		{F96014DA-1F4F-4367-810D-860A753FD9F9} = {B30A8E1D-F3A8-414F-AF9B-60C8CC3046C3}
		{C051DF2F-D94E-40A5-B004-04308B8991C8} = {B30A8E1D-F3A8-414F-AF9B-60C8CC3046C3}
		{44FCCA62-7F28-4C88-B537-D283B74CC91F} = {B30A8E1D-F3A8-414F-AF9B-60C8CC3046C3}
		{A27407B3-9017-4ACC-A268-89655215846F} = {B30A8E1D-F3A8-414F-AF9B-60C8CC3046C3}
		{7AC5E75B-E77E-4E4C-8DE0-AB4C70CE80C4} = {B30A8E1D-F3A8-414F-AF9B-60C8CC3046C3}
		{23452DB2-30D6-463C-BC0D-0074EBB12133} = {B30A8E1D-F3A8-414F-AF9B-60C8CC3046C3}
		{9885C0AB-DB6D-48B5-828E-B4B3DDA8125E} = {B30A8E1D-F3A8-414F-AF9B-60C8CC3046C3}
		{491E65BA-AB9B-4A2B-B3EC-CD0B266397EB} = {B30A8E1D-F3A8-414F-AF9B-60C8CC3046C3}
		{D9D851BD-6DB4-4101-B178-06AB11D6E051} = {E2EC2BBE-C9B1-45ED-9045-9B9684B93CA7}
		{84C74D0E-81A6-4841-B942-9BCA59C01C27} = {B30A8E1D-F3A8-414F-AF9B-60C8CC3046C3}
		{EBD53BA0-5CAD-46AA-9320-9BA612E57D26} = {B30A8E1D-F3A8-414F-AF9B-60C8CC3046C3}
		{09748B9A-F786-42D3-96A9-4A85E41BD878} = {EBD53BA0-5CAD-46AA-9320-9BA612E57D26}
		{CF5B67AF-6810-44DD-B4E1-C98EDE270B7D} = {B30A8E1D-F3A8-414F-AF9B-60C8CC3046C3}
		{0CE7EC37-B554-454F-BD2C-331F77217F1C} = {7AC5E75B-E77E-4E4C-8DE0-AB4C70CE80C4}
		{EE5E99F9-1328-4558-9FEB-488A38AA6AEC} = {B30A8E1D-F3A8-414F-AF9B-60C8CC3046C3}
	EndGlobalSection
	GlobalSection(ExtensibilityGlobals) = postSolution
		SolutionGuid = {EC8C0764-BD06-422A-B325-D20270F5D772}
	EndGlobalSection
EndGlobal
